
Microsoft Visual Studio Solution File, Format Version 12.00
# Visual Studio 2012
Project("{FAE04EC0-301F-11D3-BF4B-00C04F79EFBC}") = "STFConsole", "STFConsole.csproj", "{DFBC1FED-978B-431C-A9B2-81047CDF5D0F}"
EndProject
Project("{FAE04EC0-301F-11D3-BF4B-00C04F79EFBC}") = "STF.AssetInventory.Library", "..\STFCore\Source\Data\AssetInventory.Library\STF.AssetInventory.Library.csproj", "{FF46E958-61AB-45FC-A983-C76CAACD5467}"
EndProject
Project("{FAE04EC0-301F-11D3-BF4B-00C04F79EFBC}") = "STF.AssetInventory.Model", "..\STFCore\Source\Data\AssetInventory.Model\STF.AssetInventory.Model.csproj", "{C188CE04-49B1-4D18-89FF-FE0CFFFD1191}"
EndProject
Project("{FAE04EC0-301F-11D3-BF4B-00C04F79EFBC}") = "STF.DataCommon.Library", "..\STFCore\Source\Data\Database\STF.DataCommon.Library.csproj", "{55F18DD0-A951-4F09-B361-7CA83E70391F}"
EndProject
Project("{FAE04EC0-301F-11D3-BF4B-00C04F79EFBC}") = "STF.EnterpriseTest.Model", "..\STFCore\Source\Data\EnterpriseTestModel\STF.EnterpriseTest.Model.csproj", "{975C43D5-C1C6-4A45-82D4-1ABDC6805C05}"
EndProject
Project("{FAE04EC0-301F-11D3-BF4B-00C04F79EFBC}") = "STF.EnterpriseTest.Library", "..\STFCore\Source\Data\EnterpriseTest.Library\STF.EnterpriseTest.Library.csproj", "{4FD3AAD9-F8A4-46CB-9C8E-4165FE64674C}"
EndProject
Project("{FAE04EC0-301F-11D3-BF4B-00C04F79EFBC}") = "STF.Common", "..\CommonComponents\STF.Common\STF.Common.csproj", "{D5B4585A-5027-4DA8-8673-3EF9FBC12D87}"
EndProject
Project("{FAE04EC0-301F-11D3-BF4B-00C04F79EFBC}") = "STF.Network", "..\CommonComponents\STF.Network\STF.Network.csproj", "{4D563F85-0FA0-42EA-8DAE-AAAF7F472454}"
EndProject
Project("{FAE04EC0-301F-11D3-BF4B-00C04F79EFBC}") = "STF.Print", "..\CommonComponents\STF.Print\STF.Print.csproj", "{CBFE87C0-A337-42E2-BBAF-CC52326D2211}"
EndProject
Project("{FAE04EC0-301F-11D3-BF4B-00C04F79EFBC}") = "STF.ChartingControls.Library", "..\STFCore\Source\UI\ChartingControls.Library\STF.ChartingControls.Library.csproj", "{B5BF02C5-DC5E-4868-8E92-5E39C85673DB}"
EndProject
Project("{FAE04EC0-301F-11D3-BF4B-00C04F79EFBC}") = "STF.FrameworkControls", "..\STFCore\Source\UI\FrameworkControls.Library\STF.FrameworkControls.csproj", "{E2574F75-2943-4138-AA2E-D270447655A8}"
EndProject
Project("{FAE04EC0-301F-11D3-BF4B-00C04F79EFBC}") = "STF.Dispatcher.Library", "..\STFCore\Source\Framework\Dispatcher.Library\STF.Dispatcher.Library.csproj", "{0C83CB1E-3FC2-4E07-BAB3-532A5BE53A38}"
EndProject
Project("{FAE04EC0-301F-11D3-BF4B-00C04F79EFBC}") = "STF.FrameworkCommon.Library", "..\STFCore\Source\Framework\FrameworkCommon.Library\STF.FrameworkCommon.Library.csproj", "{4A72B792-4C4E-4217-BEFC-8F128917F836}"
EndProject
Project("{FAE04EC0-301F-11D3-BF4B-00C04F79EFBC}") = "VMInventoryManagement", "..\STFCore\Source\Virtualization\VMInventoryManagement\VMInventoryManagement.csproj", "{70FB7FED-FF6D-41A2-BA2C-D5AEA254B73D}"
EndProject
Project("{FAE04EC0-301F-11D3-BF4B-00C04F79EFBC}") = "STF.DeviceAutomation", "..\DeviceAutomation\STF.DeviceAutomation\STF.DeviceAutomation.csproj", "{E8002244-B9F9-4767-8671-D9DCFE44BC34}"
EndProject
Project("{FAE04EC0-301F-11D3-BF4B-00C04F79EFBC}") = "STF.DataLog.Library", "..\STFCore\Source\Data\DataLog.Library\STF.DataLog.Library.csproj", "{B1903ECF-CC20-4C15-8914-D253DA2A7799}"
EndProject
Project("{FAE04EC0-301F-11D3-BF4B-00C04F79EFBC}") = "STF.TestDocument.Library", "..\STFCore\Source\Data\TestDocument.Library\STF.TestDocument.Library.csproj", "{CB02CF19-69D5-43DB-8181-9430E7F78E79}"
EndProject
Project("{FAE04EC0-301F-11D3-BF4B-00C04F79EFBC}") = "STF.TestDocument.Model", "..\STFCore\Source\Data\TestDocumentLibraryModel\STF.TestDocument.Model.csproj", "{05C3EB63-C4DB-4C9A-A34D-8609882C0F79}"
EndProject
Project("{FAE04EC0-301F-11D3-BF4B-00C04F79EFBC}") = "STF.WebAutomation", "..\CommonComponents\STF.WebAutomation\STF.WebAutomation.csproj", "{38E6FF1F-BEBD-43ED-A6BE-5EC86B595A7E}"
EndProject
Project("{FAE04EC0-301F-11D3-BF4B-00C04F79EFBC}") = "STF.SystemRegistry", "..\CommonComponents\STF.Registry\STF.SystemRegistry.csproj", "{4509AC34-76A3-44CC-AE3C-1E0A4B1A1888}"
EndProject
Project("{FAE04EC0-301F-11D3-BF4B-00C04F79EFBC}") = "STF.Scan.Library", "..\STFCore\Source\Framework\STF.Scan.Library\STF.Scan.Library.csproj", "{A38F6967-C11C-488E-976C-2E758A5C2F18}"
EndProject
Project("{2150E333-8FDC-42A3-9474-1A3956D46DE8}") = "Data", "Data", "{5BBD3F45-6C1C-49E7-96D5-F72D5A3BC853}"
EndProject
Project("{2150E333-8FDC-42A3-9474-1A3956D46DE8}") = "CommonComponents", "CommonComponents", "{861CB704-57D2-4406-8799-3DDEF5FAABA0}"
EndProject
Project("{2150E333-8FDC-42A3-9474-1A3956D46DE8}") = "Framework", "Framework", "{1B14A855-3152-4C5D-99A0-F3680859DA9C}"
EndProject
Project("{2150E333-8FDC-42A3-9474-1A3956D46DE8}") = "UI", "UI", "{72EE887B-D764-4FEF-A1C1-6D472A3FBAD9}"
EndProject
Project("{FAE04EC0-301F-11D3-BF4B-00C04F79EFBC}") = "STF.ScenarioConfiguration.Library", "..\STFCore\Source\UI\ScenarioConfiguration.Library\STF.ScenarioConfiguration.Library.csproj", "{97C22A18-16D4-49DA-AC1A-487FB0C7818F}"
EndProject
Project("{FAE04EC0-301F-11D3-BF4B-00C04F79EFBC}") = "STF.SessionExecution.Library", "..\STFCore\Source\UI\ScenarioExecution.Library\STF.SessionExecution.Library.csproj", "{D3A02882-F97B-4D0B-AA94-9DBAC057946A}"
EndProject
Project("{FAE04EC0-301F-11D3-BF4B-00C04F79EFBC}") = "STF.UICommon.Library", "..\STFCore\Source\UI\UICommon.Library\STF.UICommon.Library.csproj", "{E9B7AC42-4716-49A5-BC39-3937BAE531C5}"
EndProject
Global
	GlobalSection(SolutionConfigurationPlatforms) = preSolution
		Debug, No CA, XML Doc|Any CPU = Debug, No CA, XML Doc|Any CPU
		Debug, No CA|Any CPU = Debug, No CA|Any CPU
		Debug|Any CPU = Debug|Any CPU
		Release|Any CPU = Release|Any CPU
	EndGlobalSection
	GlobalSection(ProjectConfigurationPlatforms) = postSolution
		{DFBC1FED-978B-431C-A9B2-81047CDF5D0F}.Debug, No CA, XML Doc|Any CPU.ActiveCfg = Debug (Code Analysis + XML Doc)|Any CPU
		{DFBC1FED-978B-431C-A9B2-81047CDF5D0F}.Debug, No CA, XML Doc|Any CPU.Build.0 = Debug (Code Analysis + XML Doc)|Any CPU
		{DFBC1FED-978B-431C-A9B2-81047CDF5D0F}.Debug, No CA|Any CPU.ActiveCfg = Debug (Code Analysis + XML Doc)|Any CPU
		{DFBC1FED-978B-431C-A9B2-81047CDF5D0F}.Debug, No CA|Any CPU.Build.0 = Debug (Code Analysis + XML Doc)|Any CPU
		{DFBC1FED-978B-431C-A9B2-81047CDF5D0F}.Debug|Any CPU.ActiveCfg = Debug|Any CPU
		{DFBC1FED-978B-431C-A9B2-81047CDF5D0F}.Debug|Any CPU.Build.0 = Debug|Any CPU
		{DFBC1FED-978B-431C-A9B2-81047CDF5D0F}.Release|Any CPU.ActiveCfg = Release|Any CPU
		{DFBC1FED-978B-431C-A9B2-81047CDF5D0F}.Release|Any CPU.Build.0 = Release|Any CPU
		{FF46E958-61AB-45FC-A983-C76CAACD5467}.Debug, No CA, XML Doc|Any CPU.ActiveCfg = Debug (Code Analysis + XML Doc)|Any CPU
		{FF46E958-61AB-45FC-A983-C76CAACD5467}.Debug, No CA, XML Doc|Any CPU.Build.0 = Debug (Code Analysis + XML Doc)|Any CPU
		{FF46E958-61AB-45FC-A983-C76CAACD5467}.Debug, No CA|Any CPU.ActiveCfg = Debug (Code Analysis + XML Doc)|Any CPU
		{FF46E958-61AB-45FC-A983-C76CAACD5467}.Debug, No CA|Any CPU.Build.0 = Debug (Code Analysis + XML Doc)|Any CPU
		{FF46E958-61AB-45FC-A983-C76CAACD5467}.Debug|Any CPU.ActiveCfg = Debug|Any CPU
		{FF46E958-61AB-45FC-A983-C76CAACD5467}.Debug|Any CPU.Build.0 = Debug|Any CPU
		{FF46E958-61AB-45FC-A983-C76CAACD5467}.Release|Any CPU.ActiveCfg = Release|Any CPU
		{FF46E958-61AB-45FC-A983-C76CAACD5467}.Release|Any CPU.Build.0 = Release|Any CPU
		{C188CE04-49B1-4D18-89FF-FE0CFFFD1191}.Debug, No CA, XML Doc|Any CPU.ActiveCfg = Debug (Code Analysis + XML Doc)|Any CPU
		{C188CE04-49B1-4D18-89FF-FE0CFFFD1191}.Debug, No CA, XML Doc|Any CPU.Build.0 = Debug (Code Analysis + XML Doc)|Any CPU
		{C188CE04-49B1-4D18-89FF-FE0CFFFD1191}.Debug, No CA|Any CPU.ActiveCfg = Debug (Code Analysis + XML Doc)|Any CPU
		{C188CE04-49B1-4D18-89FF-FE0CFFFD1191}.Debug, No CA|Any CPU.Build.0 = Debug (Code Analysis + XML Doc)|Any CPU
		{C188CE04-49B1-4D18-89FF-FE0CFFFD1191}.Debug|Any CPU.ActiveCfg = Debug|Any CPU
		{C188CE04-49B1-4D18-89FF-FE0CFFFD1191}.Debug|Any CPU.Build.0 = Debug|Any CPU
		{C188CE04-49B1-4D18-89FF-FE0CFFFD1191}.Release|Any CPU.ActiveCfg = Release|Any CPU
		{C188CE04-49B1-4D18-89FF-FE0CFFFD1191}.Release|Any CPU.Build.0 = Release|Any CPU
		{55F18DD0-A951-4F09-B361-7CA83E70391F}.Debug, No CA, XML Doc|Any CPU.ActiveCfg = Debug (Code Analysis + XML Doc)|Any CPU
		{55F18DD0-A951-4F09-B361-7CA83E70391F}.Debug, No CA, XML Doc|Any CPU.Build.0 = Debug (Code Analysis + XML Doc)|Any CPU
		{55F18DD0-A951-4F09-B361-7CA83E70391F}.Debug, No CA|Any CPU.ActiveCfg = Debug (Code Analysis + XML Doc)|Any CPU
		{55F18DD0-A951-4F09-B361-7CA83E70391F}.Debug, No CA|Any CPU.Build.0 = Debug (Code Analysis + XML Doc)|Any CPU
		{55F18DD0-A951-4F09-B361-7CA83E70391F}.Debug|Any CPU.ActiveCfg = Debug|Any CPU
		{55F18DD0-A951-4F09-B361-7CA83E70391F}.Debug|Any CPU.Build.0 = Debug|Any CPU
		{55F18DD0-A951-4F09-B361-7CA83E70391F}.Release|Any CPU.ActiveCfg = Release|Any CPU
		{55F18DD0-A951-4F09-B361-7CA83E70391F}.Release|Any CPU.Build.0 = Release|Any CPU
		{975C43D5-C1C6-4A45-82D4-1ABDC6805C05}.Debug, No CA, XML Doc|Any CPU.ActiveCfg = Debug (Code Analysis + XML Doc)|Any CPU
		{975C43D5-C1C6-4A45-82D4-1ABDC6805C05}.Debug, No CA, XML Doc|Any CPU.Build.0 = Debug (Code Analysis + XML Doc)|Any CPU
		{975C43D5-C1C6-4A45-82D4-1ABDC6805C05}.Debug, No CA|Any CPU.ActiveCfg = Debug (Code Analysis + XML Doc)|Any CPU
		{975C43D5-C1C6-4A45-82D4-1ABDC6805C05}.Debug, No CA|Any CPU.Build.0 = Debug (Code Analysis + XML Doc)|Any CPU
		{975C43D5-C1C6-4A45-82D4-1ABDC6805C05}.Debug|Any CPU.ActiveCfg = Debug|Any CPU
		{975C43D5-C1C6-4A45-82D4-1ABDC6805C05}.Debug|Any CPU.Build.0 = Debug|Any CPU
		{975C43D5-C1C6-4A45-82D4-1ABDC6805C05}.Release|Any CPU.ActiveCfg = Release|Any CPU
		{975C43D5-C1C6-4A45-82D4-1ABDC6805C05}.Release|Any CPU.Build.0 = Release|Any CPU
		{4FD3AAD9-F8A4-46CB-9C8E-4165FE64674C}.Debug, No CA, XML Doc|Any CPU.ActiveCfg = Debug (Code Analysis + XML Doc)|Any CPU
		{4FD3AAD9-F8A4-46CB-9C8E-4165FE64674C}.Debug, No CA, XML Doc|Any CPU.Build.0 = Debug (Code Analysis + XML Doc)|Any CPU
		{4FD3AAD9-F8A4-46CB-9C8E-4165FE64674C}.Debug, No CA|Any CPU.ActiveCfg = Debug (Code Analysis + XML Doc)|Any CPU
		{4FD3AAD9-F8A4-46CB-9C8E-4165FE64674C}.Debug, No CA|Any CPU.Build.0 = Debug (Code Analysis + XML Doc)|Any CPU
		{4FD3AAD9-F8A4-46CB-9C8E-4165FE64674C}.Debug|Any CPU.ActiveCfg = Debug|Any CPU
		{4FD3AAD9-F8A4-46CB-9C8E-4165FE64674C}.Debug|Any CPU.Build.0 = Debug|Any CPU
		{4FD3AAD9-F8A4-46CB-9C8E-4165FE64674C}.Release|Any CPU.ActiveCfg = Release|Any CPU
		{4FD3AAD9-F8A4-46CB-9C8E-4165FE64674C}.Release|Any CPU.Build.0 = Release|Any CPU
		{D5B4585A-5027-4DA8-8673-3EF9FBC12D87}.Debug, No CA, XML Doc|Any CPU.ActiveCfg = Debug (Code Analysis + XML Doc)|Any CPU
		{D5B4585A-5027-4DA8-8673-3EF9FBC12D87}.Debug, No CA, XML Doc|Any CPU.Build.0 = Debug (Code Analysis + XML Doc)|Any CPU
		{D5B4585A-5027-4DA8-8673-3EF9FBC12D87}.Debug, No CA|Any CPU.ActiveCfg = Debug (Code Analysis + XML Doc)|Any CPU
		{D5B4585A-5027-4DA8-8673-3EF9FBC12D87}.Debug, No CA|Any CPU.Build.0 = Debug (Code Analysis + XML Doc)|Any CPU
		{D5B4585A-5027-4DA8-8673-3EF9FBC12D87}.Debug|Any CPU.ActiveCfg = Debug|Any CPU
		{D5B4585A-5027-4DA8-8673-3EF9FBC12D87}.Debug|Any CPU.Build.0 = Debug|Any CPU
		{D5B4585A-5027-4DA8-8673-3EF9FBC12D87}.Release|Any CPU.ActiveCfg = Release|Any CPU
		{D5B4585A-5027-4DA8-8673-3EF9FBC12D87}.Release|Any CPU.Build.0 = Release|Any CPU
		{4D563F85-0FA0-42EA-8DAE-AAAF7F472454}.Debug, No CA, XML Doc|Any CPU.ActiveCfg = Debug (Code Analysis + XML Doc)|Any CPU
		{4D563F85-0FA0-42EA-8DAE-AAAF7F472454}.Debug, No CA, XML Doc|Any CPU.Build.0 = Debug (Code Analysis + XML Doc)|Any CPU
		{4D563F85-0FA0-42EA-8DAE-AAAF7F472454}.Debug, No CA|Any CPU.ActiveCfg = Debug (Code Analysis + XML Doc)|Any CPU
		{4D563F85-0FA0-42EA-8DAE-AAAF7F472454}.Debug, No CA|Any CPU.Build.0 = Debug (Code Analysis + XML Doc)|Any CPU
		{4D563F85-0FA0-42EA-8DAE-AAAF7F472454}.Debug|Any CPU.ActiveCfg = Debug|Any CPU
		{4D563F85-0FA0-42EA-8DAE-AAAF7F472454}.Debug|Any CPU.Build.0 = Debug|Any CPU
		{4D563F85-0FA0-42EA-8DAE-AAAF7F472454}.Release|Any CPU.ActiveCfg = Release|Any CPU
		{4D563F85-0FA0-42EA-8DAE-AAAF7F472454}.Release|Any CPU.Build.0 = Release|Any CPU
		{CBFE87C0-A337-42E2-BBAF-CC52326D2211}.Debug, No CA, XML Doc|Any CPU.ActiveCfg = Debug (Code Analysis + XML Doc)|Any CPU
		{CBFE87C0-A337-42E2-BBAF-CC52326D2211}.Debug, No CA, XML Doc|Any CPU.Build.0 = Debug (Code Analysis + XML Doc)|Any CPU
		{CBFE87C0-A337-42E2-BBAF-CC52326D2211}.Debug, No CA|Any CPU.ActiveCfg = Debug (Code Analysis + XML Doc)|Any CPU
		{CBFE87C0-A337-42E2-BBAF-CC52326D2211}.Debug, No CA|Any CPU.Build.0 = Debug (Code Analysis + XML Doc)|Any CPU
		{CBFE87C0-A337-42E2-BBAF-CC52326D2211}.Debug|Any CPU.ActiveCfg = Debug|Any CPU
		{CBFE87C0-A337-42E2-BBAF-CC52326D2211}.Debug|Any CPU.Build.0 = Debug|Any CPU
		{CBFE87C0-A337-42E2-BBAF-CC52326D2211}.Release|Any CPU.ActiveCfg = Release|Any CPU
		{CBFE87C0-A337-42E2-BBAF-CC52326D2211}.Release|Any CPU.Build.0 = Release|Any CPU
		{B5BF02C5-DC5E-4868-8E92-5E39C85673DB}.Debug, No CA, XML Doc|Any CPU.ActiveCfg = Debug (Code Analysis + XML Doc)|Any CPU
		{B5BF02C5-DC5E-4868-8E92-5E39C85673DB}.Debug, No CA, XML Doc|Any CPU.Build.0 = Debug (Code Analysis + XML Doc)|Any CPU
		{B5BF02C5-DC5E-4868-8E92-5E39C85673DB}.Debug, No CA|Any CPU.ActiveCfg = Debug (Code Analysis + XML Doc)|Any CPU
		{B5BF02C5-DC5E-4868-8E92-5E39C85673DB}.Debug, No CA|Any CPU.Build.0 = Debug (Code Analysis + XML Doc)|Any CPU
		{B5BF02C5-DC5E-4868-8E92-5E39C85673DB}.Debug|Any CPU.ActiveCfg = Debug|Any CPU
		{B5BF02C5-DC5E-4868-8E92-5E39C85673DB}.Debug|Any CPU.Build.0 = Debug|Any CPU
		{B5BF02C5-DC5E-4868-8E92-5E39C85673DB}.Release|Any CPU.ActiveCfg = Release|Any CPU
		{B5BF02C5-DC5E-4868-8E92-5E39C85673DB}.Release|Any CPU.Build.0 = Release|Any CPU
		{E2574F75-2943-4138-AA2E-D270447655A8}.Debug, No CA, XML Doc|Any CPU.ActiveCfg = Debug (Code Analysis + XML Doc)|Any CPU
		{E2574F75-2943-4138-AA2E-D270447655A8}.Debug, No CA, XML Doc|Any CPU.Build.0 = Debug (Code Analysis + XML Doc)|Any CPU
		{E2574F75-2943-4138-AA2E-D270447655A8}.Debug, No CA|Any CPU.ActiveCfg = Debug (Code Analysis + XML Doc)|Any CPU
		{E2574F75-2943-4138-AA2E-D270447655A8}.Debug, No CA|Any CPU.Build.0 = Debug (Code Analysis + XML Doc)|Any CPU
		{E2574F75-2943-4138-AA2E-D270447655A8}.Debug|Any CPU.ActiveCfg = Debug|Any CPU
		{E2574F75-2943-4138-AA2E-D270447655A8}.Debug|Any CPU.Build.0 = Debug|Any CPU
		{E2574F75-2943-4138-AA2E-D270447655A8}.Release|Any CPU.ActiveCfg = Release|Any CPU
		{E2574F75-2943-4138-AA2E-D270447655A8}.Release|Any CPU.Build.0 = Release|Any CPU
		{0C83CB1E-3FC2-4E07-BAB3-532A5BE53A38}.Debug, No CA, XML Doc|Any CPU.ActiveCfg = Debug (Code Analysis + XML Doc)|Any CPU
		{0C83CB1E-3FC2-4E07-BAB3-532A5BE53A38}.Debug, No CA, XML Doc|Any CPU.Build.0 = Debug (Code Analysis + XML Doc)|Any CPU
		{0C83CB1E-3FC2-4E07-BAB3-532A5BE53A38}.Debug, No CA|Any CPU.ActiveCfg = Debug (Code Analysis + XML Doc)|Any CPU
		{0C83CB1E-3FC2-4E07-BAB3-532A5BE53A38}.Debug, No CA|Any CPU.Build.0 = Debug (Code Analysis + XML Doc)|Any CPU
		{0C83CB1E-3FC2-4E07-BAB3-532A5BE53A38}.Debug|Any CPU.ActiveCfg = Debug|Any CPU
		{0C83CB1E-3FC2-4E07-BAB3-532A5BE53A38}.Debug|Any CPU.Build.0 = Debug|Any CPU
		{0C83CB1E-3FC2-4E07-BAB3-532A5BE53A38}.Release|Any CPU.ActiveCfg = Release|Any CPU
		{0C83CB1E-3FC2-4E07-BAB3-532A5BE53A38}.Release|Any CPU.Build.0 = Release|Any CPU
		{4A72B792-4C4E-4217-BEFC-8F128917F836}.Debug, No CA, XML Doc|Any CPU.ActiveCfg = Debug (Code Analysis + XML Doc)|Any CPU
		{4A72B792-4C4E-4217-BEFC-8F128917F836}.Debug, No CA, XML Doc|Any CPU.Build.0 = Debug (Code Analysis + XML Doc)|Any CPU
		{4A72B792-4C4E-4217-BEFC-8F128917F836}.Debug, No CA|Any CPU.ActiveCfg = Debug (Code Analysis + XML Doc)|Any CPU
		{4A72B792-4C4E-4217-BEFC-8F128917F836}.Debug, No CA|Any CPU.Build.0 = Debug (Code Analysis + XML Doc)|Any CPU
		{4A72B792-4C4E-4217-BEFC-8F128917F836}.Debug|Any CPU.ActiveCfg = Debug|Any CPU
		{4A72B792-4C4E-4217-BEFC-8F128917F836}.Debug|Any CPU.Build.0 = Debug|Any CPU
		{4A72B792-4C4E-4217-BEFC-8F128917F836}.Release|Any CPU.ActiveCfg = Release|Any CPU
		{4A72B792-4C4E-4217-BEFC-8F128917F836}.Release|Any CPU.Build.0 = Release|Any CPU
		{BF61BD1B-902D-4FF6-9AB8-33F1D0177627}.Debug, No CA, XML Doc|Any CPU.ActiveCfg = Debug, No CA, XML Doc|Any CPU
		{BF61BD1B-902D-4FF6-9AB8-33F1D0177627}.Debug, No CA, XML Doc|Any CPU.Build.0 = Debug, No CA, XML Doc|Any CPU
		{BF61BD1B-902D-4FF6-9AB8-33F1D0177627}.Debug, No CA|Any CPU.ActiveCfg = Debug, No CA|Any CPU
		{BF61BD1B-902D-4FF6-9AB8-33F1D0177627}.Debug, No CA|Any CPU.Build.0 = Debug, No CA|Any CPU
		{BF61BD1B-902D-4FF6-9AB8-33F1D0177627}.Debug|Any CPU.ActiveCfg = Debug|Any CPU
		{BF61BD1B-902D-4FF6-9AB8-33F1D0177627}.Debug|Any CPU.Build.0 = Debug|Any CPU
		{BF61BD1B-902D-4FF6-9AB8-33F1D0177627}.Release|Any CPU.ActiveCfg = Release|Any CPU
		{BF61BD1B-902D-4FF6-9AB8-33F1D0177627}.Release|Any CPU.Build.0 = Release|Any CPU
		{AFDB792B-5DA5-4114-A572-4DCCF79AB270}.Debug, No CA, XML Doc|Any CPU.ActiveCfg = Debug, No CA|Any CPU
		{AFDB792B-5DA5-4114-A572-4DCCF79AB270}.Debug, No CA, XML Doc|Any CPU.Build.0 = Debug, No CA|Any CPU
		{AFDB792B-5DA5-4114-A572-4DCCF79AB270}.Debug, No CA|Any CPU.ActiveCfg = Debug, No CA|Any CPU
		{AFDB792B-5DA5-4114-A572-4DCCF79AB270}.Debug, No CA|Any CPU.Build.0 = Debug, No CA|Any CPU
		{AFDB792B-5DA5-4114-A572-4DCCF79AB270}.Debug|Any CPU.ActiveCfg = Debug|Any CPU
		{AFDB792B-5DA5-4114-A572-4DCCF79AB270}.Debug|Any CPU.Build.0 = Debug|Any CPU
		{AFDB792B-5DA5-4114-A572-4DCCF79AB270}.Release|Any CPU.ActiveCfg = Release|Any CPU
		{AFDB792B-5DA5-4114-A572-4DCCF79AB270}.Release|Any CPU.Build.0 = Release|Any CPU
		{70FB7FED-FF6D-41A2-BA2C-D5AEA254B73D}.Debug, No CA, XML Doc|Any CPU.ActiveCfg = Debug (Code Analysis + XML Doc)|Any CPU
		{70FB7FED-FF6D-41A2-BA2C-D5AEA254B73D}.Debug, No CA, XML Doc|Any CPU.Build.0 = Debug (Code Analysis + XML Doc)|Any CPU
		{70FB7FED-FF6D-41A2-BA2C-D5AEA254B73D}.Debug, No CA|Any CPU.ActiveCfg = Debug (Code Analysis + XML Doc)|Any CPU
		{70FB7FED-FF6D-41A2-BA2C-D5AEA254B73D}.Debug, No CA|Any CPU.Build.0 = Debug (Code Analysis + XML Doc)|Any CPU
		{70FB7FED-FF6D-41A2-BA2C-D5AEA254B73D}.Debug|Any CPU.ActiveCfg = Debug|Any CPU
		{70FB7FED-FF6D-41A2-BA2C-D5AEA254B73D}.Debug|Any CPU.Build.0 = Debug|Any CPU
		{70FB7FED-FF6D-41A2-BA2C-D5AEA254B73D}.Release|Any CPU.ActiveCfg = Release|Any CPU
		{70FB7FED-FF6D-41A2-BA2C-D5AEA254B73D}.Release|Any CPU.Build.0 = Release|Any CPU
		{7BAB68BF-6E3A-4178-8534-EAC4AB5BCD63}.Debug, No CA, XML Doc|Any CPU.ActiveCfg = Debug, No CA, XML Doc|Any CPU
		{7BAB68BF-6E3A-4178-8534-EAC4AB5BCD63}.Debug, No CA, XML Doc|Any CPU.Build.0 = Debug, No CA, XML Doc|Any CPU
		{7BAB68BF-6E3A-4178-8534-EAC4AB5BCD63}.Debug, No CA|Any CPU.ActiveCfg = Debug, No CA|Any CPU
		{7BAB68BF-6E3A-4178-8534-EAC4AB5BCD63}.Debug, No CA|Any CPU.Build.0 = Debug, No CA|Any CPU
		{7BAB68BF-6E3A-4178-8534-EAC4AB5BCD63}.Debug|Any CPU.ActiveCfg = Debug|Any CPU
		{7BAB68BF-6E3A-4178-8534-EAC4AB5BCD63}.Debug|Any CPU.Build.0 = Debug|Any CPU
		{7BAB68BF-6E3A-4178-8534-EAC4AB5BCD63}.Release|Any CPU.ActiveCfg = Release|Any CPU
		{7BAB68BF-6E3A-4178-8534-EAC4AB5BCD63}.Release|Any CPU.Build.0 = Release|Any CPU
		{27F3E778-6F73-4B01-8649-062A10B54505}.Debug, No CA, XML Doc|Any CPU.ActiveCfg = Debug, No CA, XML Doc|Any CPU
		{27F3E778-6F73-4B01-8649-062A10B54505}.Debug, No CA, XML Doc|Any CPU.Build.0 = Debug, No CA, XML Doc|Any CPU
		{27F3E778-6F73-4B01-8649-062A10B54505}.Debug, No CA|Any CPU.ActiveCfg = Debug, No CA|Any CPU
		{27F3E778-6F73-4B01-8649-062A10B54505}.Debug, No CA|Any CPU.Build.0 = Debug, No CA|Any CPU
		{27F3E778-6F73-4B01-8649-062A10B54505}.Debug|Any CPU.ActiveCfg = Debug|Any CPU
		{27F3E778-6F73-4B01-8649-062A10B54505}.Debug|Any CPU.Build.0 = Debug|Any CPU
		{27F3E778-6F73-4B01-8649-062A10B54505}.Release|Any CPU.ActiveCfg = Release|Any CPU
		{27F3E778-6F73-4B01-8649-062A10B54505}.Release|Any CPU.Build.0 = Release|Any CPU
		{E8002244-B9F9-4767-8671-D9DCFE44BC34}.Debug, No CA, XML Doc|Any CPU.ActiveCfg = Debug (Code Analysis + XML Doc)|Any CPU
		{E8002244-B9F9-4767-8671-D9DCFE44BC34}.Debug, No CA, XML Doc|Any CPU.Build.0 = Debug (Code Analysis + XML Doc)|Any CPU
		{E8002244-B9F9-4767-8671-D9DCFE44BC34}.Debug, No CA|Any CPU.ActiveCfg = Debug (Code Analysis + XML Doc)|Any CPU
		{E8002244-B9F9-4767-8671-D9DCFE44BC34}.Debug, No CA|Any CPU.Build.0 = Debug (Code Analysis + XML Doc)|Any CPU
		{E8002244-B9F9-4767-8671-D9DCFE44BC34}.Debug|Any CPU.ActiveCfg = Debug|Any CPU
		{E8002244-B9F9-4767-8671-D9DCFE44BC34}.Debug|Any CPU.Build.0 = Debug|Any CPU
		{E8002244-B9F9-4767-8671-D9DCFE44BC34}.Release|Any CPU.ActiveCfg = Release|Any CPU
		{E8002244-B9F9-4767-8671-D9DCFE44BC34}.Release|Any CPU.Build.0 = Release|Any CPU
		{B1903ECF-CC20-4C15-8914-D253DA2A7799}.Debug, No CA, XML Doc|Any CPU.ActiveCfg = Debug (Code Analysis + XML Doc)|Any CPU
		{B1903ECF-CC20-4C15-8914-D253DA2A7799}.Debug, No CA, XML Doc|Any CPU.Build.0 = Debug (Code Analysis + XML Doc)|Any CPU
		{B1903ECF-CC20-4C15-8914-D253DA2A7799}.Debug, No CA|Any CPU.ActiveCfg = Debug (Code Analysis + XML Doc)|Any CPU
		{B1903ECF-CC20-4C15-8914-D253DA2A7799}.Debug, No CA|Any CPU.Build.0 = Debug (Code Analysis + XML Doc)|Any CPU
		{B1903ECF-CC20-4C15-8914-D253DA2A7799}.Debug|Any CPU.ActiveCfg = Debug|Any CPU
		{B1903ECF-CC20-4C15-8914-D253DA2A7799}.Debug|Any CPU.Build.0 = Debug|Any CPU
		{B1903ECF-CC20-4C15-8914-D253DA2A7799}.Release|Any CPU.ActiveCfg = Release|Any CPU
		{B1903ECF-CC20-4C15-8914-D253DA2A7799}.Release|Any CPU.Build.0 = Release|Any CPU
		{CB02CF19-69D5-43DB-8181-9430E7F78E79}.Debug, No CA, XML Doc|Any CPU.ActiveCfg = Debug (Code Analysis + XML Doc)|Any CPU
		{CB02CF19-69D5-43DB-8181-9430E7F78E79}.Debug, No CA, XML Doc|Any CPU.Build.0 = Debug (Code Analysis + XML Doc)|Any CPU
		{CB02CF19-69D5-43DB-8181-9430E7F78E79}.Debug, No CA|Any CPU.ActiveCfg = Debug (Code Analysis + XML Doc)|Any CPU
		{CB02CF19-69D5-43DB-8181-9430E7F78E79}.Debug, No CA|Any CPU.Build.0 = Debug (Code Analysis + XML Doc)|Any CPU
		{CB02CF19-69D5-43DB-8181-9430E7F78E79}.Debug|Any CPU.ActiveCfg = Debug|Any CPU
		{CB02CF19-69D5-43DB-8181-9430E7F78E79}.Debug|Any CPU.Build.0 = Debug|Any CPU
		{CB02CF19-69D5-43DB-8181-9430E7F78E79}.Release|Any CPU.ActiveCfg = Release|Any CPU
		{CB02CF19-69D5-43DB-8181-9430E7F78E79}.Release|Any CPU.Build.0 = Release|Any CPU
		{05C3EB63-C4DB-4C9A-A34D-8609882C0F79}.Debug, No CA, XML Doc|Any CPU.ActiveCfg = Debug (Code Analysis + XML Doc)|Any CPU
		{05C3EB63-C4DB-4C9A-A34D-8609882C0F79}.Debug, No CA, XML Doc|Any CPU.Build.0 = Debug (Code Analysis + XML Doc)|Any CPU
		{05C3EB63-C4DB-4C9A-A34D-8609882C0F79}.Debug, No CA|Any CPU.ActiveCfg = Debug (Code Analysis + XML Doc)|Any CPU
		{05C3EB63-C4DB-4C9A-A34D-8609882C0F79}.Debug, No CA|Any CPU.Build.0 = Debug (Code Analysis + XML Doc)|Any CPU
		{05C3EB63-C4DB-4C9A-A34D-8609882C0F79}.Debug|Any CPU.ActiveCfg = Debug|Any CPU
		{05C3EB63-C4DB-4C9A-A34D-8609882C0F79}.Debug|Any CPU.Build.0 = Debug|Any CPU
		{05C3EB63-C4DB-4C9A-A34D-8609882C0F79}.Release|Any CPU.ActiveCfg = Release|Any CPU
		{05C3EB63-C4DB-4C9A-A34D-8609882C0F79}.Release|Any CPU.Build.0 = Release|Any CPU
		{38E6FF1F-BEBD-43ED-A6BE-5EC86B595A7E}.Debug, No CA, XML Doc|Any CPU.ActiveCfg = Debug (Code Analysis + XML Doc)|Any CPU
		{38E6FF1F-BEBD-43ED-A6BE-5EC86B595A7E}.Debug, No CA, XML Doc|Any CPU.Build.0 = Debug (Code Analysis + XML Doc)|Any CPU
		{38E6FF1F-BEBD-43ED-A6BE-5EC86B595A7E}.Debug, No CA|Any CPU.ActiveCfg = Debug (Code Analysis + XML Doc)|Any CPU
		{38E6FF1F-BEBD-43ED-A6BE-5EC86B595A7E}.Debug, No CA|Any CPU.Build.0 = Debug (Code Analysis + XML Doc)|Any CPU
		{38E6FF1F-BEBD-43ED-A6BE-5EC86B595A7E}.Debug|Any CPU.ActiveCfg = Debug|Any CPU
		{38E6FF1F-BEBD-43ED-A6BE-5EC86B595A7E}.Debug|Any CPU.Build.0 = Debug|Any CPU
		{38E6FF1F-BEBD-43ED-A6BE-5EC86B595A7E}.Release|Any CPU.ActiveCfg = Release|Any CPU
		{38E6FF1F-BEBD-43ED-A6BE-5EC86B595A7E}.Release|Any CPU.Build.0 = Release|Any CPU
		{4509AC34-76A3-44CC-AE3C-1E0A4B1A1888}.Debug, No CA, XML Doc|Any CPU.ActiveCfg = Debug|Any CPU
		{4509AC34-76A3-44CC-AE3C-1E0A4B1A1888}.Debug, No CA, XML Doc|Any CPU.Build.0 = Debug|Any CPU
		{4509AC34-76A3-44CC-AE3C-1E0A4B1A1888}.Debug, No CA|Any CPU.ActiveCfg = Debug|Any CPU
		{4509AC34-76A3-44CC-AE3C-1E0A4B1A1888}.Debug, No CA|Any CPU.Build.0 = Debug|Any CPU
		{4509AC34-76A3-44CC-AE3C-1E0A4B1A1888}.Debug|Any CPU.ActiveCfg = Debug|Any CPU
		{4509AC34-76A3-44CC-AE3C-1E0A4B1A1888}.Debug|Any CPU.Build.0 = Debug|Any CPU
		{4509AC34-76A3-44CC-AE3C-1E0A4B1A1888}.Release|Any CPU.ActiveCfg = Release|Any CPU
		{4509AC34-76A3-44CC-AE3C-1E0A4B1A1888}.Release|Any CPU.Build.0 = Release|Any CPU
		{A38F6967-C11C-488E-976C-2E758A5C2F18}.Debug, No CA, XML Doc|Any CPU.ActiveCfg = Debug (Code Analysis + XML Doc)|Any CPU
		{A38F6967-C11C-488E-976C-2E758A5C2F18}.Debug, No CA, XML Doc|Any CPU.Build.0 = Debug (Code Analysis + XML Doc)|Any CPU
		{A38F6967-C11C-488E-976C-2E758A5C2F18}.Debug, No CA|Any CPU.ActiveCfg = Debug (Code Analysis + XML Doc)|Any CPU
		{A38F6967-C11C-488E-976C-2E758A5C2F18}.Debug, No CA|Any CPU.Build.0 = Debug (Code Analysis + XML Doc)|Any CPU
		{A38F6967-C11C-488E-976C-2E758A5C2F18}.Debug|Any CPU.ActiveCfg = Debug|Any CPU
		{A38F6967-C11C-488E-976C-2E758A5C2F18}.Debug|Any CPU.Build.0 = Debug|Any CPU
		{A38F6967-C11C-488E-976C-2E758A5C2F18}.Release|Any CPU.ActiveCfg = Release|Any CPU
		{A38F6967-C11C-488E-976C-2E758A5C2F18}.Release|Any CPU.Build.0 = Release|Any CPU
		{97C22A18-16D4-49DA-AC1A-487FB0C7818F}.Debug, No CA, XML Doc|Any CPU.ActiveCfg = Debug (Code Analysis + XML Doc)|Any CPU
		{97C22A18-16D4-49DA-AC1A-487FB0C7818F}.Debug, No CA, XML Doc|Any CPU.Build.0 = Debug (Code Analysis + XML Doc)|Any CPU
		{97C22A18-16D4-49DA-AC1A-487FB0C7818F}.Debug, No CA|Any CPU.ActiveCfg = Debug (Code Analysis + XML Doc)|Any CPU
		{97C22A18-16D4-49DA-AC1A-487FB0C7818F}.Debug, No CA|Any CPU.Build.0 = Debug (Code Analysis + XML Doc)|Any CPU
		{97C22A18-16D4-49DA-AC1A-487FB0C7818F}.Debug|Any CPU.ActiveCfg = Debug|Any CPU
		{97C22A18-16D4-49DA-AC1A-487FB0C7818F}.Debug|Any CPU.Build.0 = Debug|Any CPU
		{97C22A18-16D4-49DA-AC1A-487FB0C7818F}.Release|Any CPU.ActiveCfg = Release|Any CPU
		{97C22A18-16D4-49DA-AC1A-487FB0C7818F}.Release|Any CPU.Build.0 = Release|Any CPU
		{D3A02882-F97B-4D0B-AA94-9DBAC057946A}.Debug, No CA, XML Doc|Any CPU.ActiveCfg = Debug (Code Analysis + XML Doc)|Any CPU
		{D3A02882-F97B-4D0B-AA94-9DBAC057946A}.Debug, No CA, XML Doc|Any CPU.Build.0 = Debug (Code Analysis + XML Doc)|Any CPU
		{D3A02882-F97B-4D0B-AA94-9DBAC057946A}.Debug, No CA|Any CPU.ActiveCfg = Debug (Code Analysis + XML Doc)|Any CPU
		{D3A02882-F97B-4D0B-AA94-9DBAC057946A}.Debug, No CA|Any CPU.Build.0 = Debug (Code Analysis + XML Doc)|Any CPU
		{D3A02882-F97B-4D0B-AA94-9DBAC057946A}.Debug|Any CPU.ActiveCfg = Debug|Any CPU
		{D3A02882-F97B-4D0B-AA94-9DBAC057946A}.Debug|Any CPU.Build.0 = Debug|Any CPU
		{D3A02882-F97B-4D0B-AA94-9DBAC057946A}.Release|Any CPU.ActiveCfg = Release|Any CPU
		{D3A02882-F97B-4D0B-AA94-9DBAC057946A}.Release|Any CPU.Build.0 = Release|Any CPU
		{E9B7AC42-4716-49A5-BC39-3937BAE531C5}.Debug, No CA, XML Doc|Any CPU.ActiveCfg = Debug (Code Analysis + XML Doc)|Any CPU
		{E9B7AC42-4716-49A5-BC39-3937BAE531C5}.Debug, No CA, XML Doc|Any CPU.Build.0 = Debug (Code Analysis + XML Doc)|Any CPU
		{E9B7AC42-4716-49A5-BC39-3937BAE531C5}.Debug, No CA|Any CPU.ActiveCfg = Debug (Code Analysis + XML Doc)|Any CPU
		{E9B7AC42-4716-49A5-BC39-3937BAE531C5}.Debug, No CA|Any CPU.Build.0 = Debug (Code Analysis + XML Doc)|Any CPU
		{E9B7AC42-4716-49A5-BC39-3937BAE531C5}.Debug|Any CPU.ActiveCfg = Debug|Any CPU
		{E9B7AC42-4716-49A5-BC39-3937BAE531C5}.Debug|Any CPU.Build.0 = Debug|Any CPU
		{E9B7AC42-4716-49A5-BC39-3937BAE531C5}.Release|Any CPU.ActiveCfg = Release|Any CPU
		{E9B7AC42-4716-49A5-BC39-3937BAE531C5}.Release|Any CPU.Build.0 = Release|Any CPU
	EndGlobalSection
	GlobalSection(SolutionProperties) = preSolution
		HideSolutionNode = FALSE
	EndGlobalSection
	GlobalSection(NestedProjects) = preSolution
		{C188CE04-49B1-4D18-89FF-FE0CFFFD1191} = {5BBD3F45-6C1C-49E7-96D5-F72D5A3BC853}
		{55F18DD0-A951-4F09-B361-7CA83E70391F} = {5BBD3F45-6C1C-49E7-96D5-F72D5A3BC853}
		{975C43D5-C1C6-4A45-82D4-1ABDC6805C05} = {5BBD3F45-6C1C-49E7-96D5-F72D5A3BC853}
		{4FD3AAD9-F8A4-46CB-9C8E-4165FE64674C} = {5BBD3F45-6C1C-49E7-96D5-F72D5A3BC853}
		{B1903ECF-CC20-4C15-8914-D253DA2A7799} = {5BBD3F45-6C1C-49E7-96D5-F72D5A3BC853}
		{CB02CF19-69D5-43DB-8181-9430E7F78E79} = {5BBD3F45-6C1C-49E7-96D5-F72D5A3BC853}
		{05C3EB63-C4DB-4C9A-A34D-8609882C0F79} = {5BBD3F45-6C1C-49E7-96D5-F72D5A3BC853}
		{FF46E958-61AB-45FC-A983-C76CAACD5467} = {5BBD3F45-6C1C-49E7-96D5-F72D5A3BC853}
		{4D563F85-0FA0-42EA-8DAE-AAAF7F472454} = {861CB704-57D2-4406-8799-3DDEF5FAABA0}
		{CBFE87C0-A337-42E2-BBAF-CC52326D2211} = {861CB704-57D2-4406-8799-3DDEF5FAABA0}
		{E8002244-B9F9-4767-8671-D9DCFE44BC34} = {861CB704-57D2-4406-8799-3DDEF5FAABA0}
		{38E6FF1F-BEBD-43ED-A6BE-5EC86B595A7E} = {861CB704-57D2-4406-8799-3DDEF5FAABA0}
		{4509AC34-76A3-44CC-AE3C-1E0A4B1A1888} = {861CB704-57D2-4406-8799-3DDEF5FAABA0}
		{D5B4585A-5027-4DA8-8673-3EF9FBC12D87} = {861CB704-57D2-4406-8799-3DDEF5FAABA0}
		{B5BF02C5-DC5E-4868-8E92-5E39C85673DB} = {72EE887B-D764-4FEF-A1C1-6D472A3FBAD9}
		{E2574F75-2943-4138-AA2E-D270447655A8} = {72EE887B-D764-4FEF-A1C1-6D472A3FBAD9}
		{97C22A18-16D4-49DA-AC1A-487FB0C7818F} = {72EE887B-D764-4FEF-A1C1-6D472A3FBAD9}
		{D3A02882-F97B-4D0B-AA94-9DBAC057946A} = {72EE887B-D764-4FEF-A1C1-6D472A3FBAD9}
		{E9B7AC42-4716-49A5-BC39-3937BAE531C5} = {72EE887B-D764-4FEF-A1C1-6D472A3FBAD9}
		{4A72B792-4C4E-4217-BEFC-8F128917F836} = {1B14A855-3152-4C5D-99A0-F3680859DA9C}
		{BF61BD1B-902D-4FF6-9AB8-33F1D0177627} = {1B14A855-3152-4C5D-99A0-F3680859DA9C}
		{AFDB792B-5DA5-4114-A572-4DCCF79AB270} = {1B14A855-3152-4C5D-99A0-F3680859DA9C}
		{70FB7FED-FF6D-41A2-BA2C-D5AEA254B73D} = {1B14A855-3152-4C5D-99A0-F3680859DA9C}
		{7BAB68BF-6E3A-4178-8534-EAC4AB5BCD63} = {1B14A855-3152-4C5D-99A0-F3680859DA9C}
		{27F3E778-6F73-4B01-8649-062A10B54505} = {1B14A855-3152-4C5D-99A0-F3680859DA9C}
		{A38F6967-C11C-488E-976C-2E758A5C2F18} = {1B14A855-3152-4C5D-99A0-F3680859DA9C}
		{0C83CB1E-3FC2-4E07-BAB3-532A5BE53A38} = {1B14A855-3152-4C5D-99A0-F3680859DA9C}
	EndGlobalSection
EndGlobal
