
Microsoft Visual Studio Solution File, Format Version 12.00
# Visual Studio 14
VisualStudioVersion = 14.0.25123.0
MinimumVisualStudioVersion = 10.0.40219.1
Project("{FAE04EC0-301F-11D3-BF4B-00C04F79EFBC}") = "Plugin.SdkGeneralExample", "Plugin.SdkGeneralExample\Plugin.SdkGeneralExample.csproj", "{00BFFCF1-4D04-4823-8850-3AEFF334089C}"
EndProject
Project("{FAE04EC0-301F-11D3-BF4B-00C04F79EFBC}") = "Plugin.SdkPullPrintExample", "Plugin.SdkPullPrintExample\Plugin.SdkPullPrintExample.csproj", "{F5A088DF-7DE6-4CF7-BACF-BAF2F5B4BE82}"
EndProject
Project("{FAE04EC0-301F-11D3-BF4B-00C04F79EFBC}") = "SdkPluginSandbox", "SdkPluginSandbox\SdkPluginSandbox.csproj", "{C02103A7-3D90-4860-AB7B-377AAC3F7D10}"
EndProject
Global
	GlobalSection(SolutionConfigurationPlatforms) = preSolution
		Debug|Any CPU = Debug|Any CPU
		Release|Any CPU = Release|Any CPU
	EndGlobalSection
	GlobalSection(ProjectConfigurationPlatforms) = postSolution
		{00BFFCF1-4D04-4823-8850-3AEFF334089C}.Debug|Any CPU.ActiveCfg = Debug|Any CPU
		{00BFFCF1-4D04-4823-8850-3AEFF334089C}.Debug|Any CPU.Build.0 = Debug|Any CPU
		{00BFFCF1-4D04-4823-8850-3AEFF334089C}.Release|Any CPU.ActiveCfg = Release|Any CPU
		{00BFFCF1-4D04-4823-8850-3AEFF334089C}.Release|Any CPU.Build.0 = Release|Any CPU
		{F5A088DF-7DE6-4CF7-BACF-BAF2F5B4BE82}.Debug|Any CPU.ActiveCfg = Debug|Any CPU
		{F5A088DF-7DE6-4CF7-BACF-BAF2F5B4BE82}.Debug|Any CPU.Build.0 = Debug|Any CPU
		{F5A088DF-7DE6-4CF7-BACF-BAF2F5B4BE82}.Release|Any CPU.ActiveCfg = Release|Any CPU
		{F5A088DF-7DE6-4CF7-BACF-BAF2F5B4BE82}.Release|Any CPU.Build.0 = Release|Any CPU
		{C02103A7-3D90-4860-AB7B-377AAC3F7D10}.Debug|Any CPU.ActiveCfg = Debug|Any CPU
		{C02103A7-3D90-4860-AB7B-377AAC3F7D10}.Debug|Any CPU.Build.0 = Debug|Any CPU
		{C02103A7-3D90-4860-AB7B-377AAC3F7D10}.Release|Any CPU.ActiveCfg = Release|Any CPU
		{C02103A7-3D90-4860-AB7B-377AAC3F7D10}.Release|Any CPU.Build.0 = Release|Any CPU
	EndGlobalSection
	GlobalSection(SolutionProperties) = preSolution
		HideSolutionNode = FALSE
	EndGlobalSection
EndGlobal
