
Microsoft Visual Studio Solution File, Format Version 12.00
# Visual Studio 2013
VisualStudioVersion = 12.0.30723.0
MinimumVisualStudioVersion = 10.0.40219.1
Project("{FAE04EC0-301F-11D3-BF4B-00C04F79EFBC}") = "PhysicalDeviceJobLogMonitorService", "PhysicalDeviceJobLogMonitorService.csproj", "{1563CB1C-A26B-40AC-9DC3-2DF28628EAAA}"
EndProject
Project("{FAE04EC0-301F-11D3-BF4B-00C04F79EFBC}") = "STF.FrameworkCommon.Library", "..\..\Framework\FrameworkCommon.Library\STF.FrameworkCommon.Library.csproj", "{4A72B792-4C4E-4217-BEFC-8F128917F836}"
EndProject
Project("{FAE04EC0-301F-11D3-BF4B-00C04F79EFBC}") = "STF.Common", "..\..\..\..\CommonComponents\STF.Common\STF.Common.csproj", "{D5B4585A-5027-4DA8-8673-3EF9FBC12D87}"
EndProject
Project("{FAE04EC0-301F-11D3-BF4B-00C04F79EFBC}") = "STF.Network", "..\..\..\..\CommonComponents\STF.Network\STF.Network.csproj", "{4D563F85-0FA0-42EA-8DAE-AAAF7F472454}"
EndProject
Global
	GlobalSection(SolutionConfigurationPlatforms) = preSolution
		Debug (Code Analysis + XML Doc)|Any CPU = Debug (Code Analysis + XML Doc)|Any CPU
		Debug (XML Doc)|Any CPU = Debug (XML Doc)|Any CPU
		Debug|Any CPU = Debug|Any CPU
		Release|Any CPU = Release|Any CPU
	EndGlobalSection
	GlobalSection(ProjectConfigurationPlatforms) = postSolution
		{1563CB1C-A26B-40AC-9DC3-2DF28628EAAA}.Debug (Code Analysis + XML Doc)|Any CPU.ActiveCfg = Debug|Any CPU
		{1563CB1C-A26B-40AC-9DC3-2DF28628EAAA}.Debug (Code Analysis + XML Doc)|Any CPU.Build.0 = Debug|Any CPU
		{1563CB1C-A26B-40AC-9DC3-2DF28628EAAA}.Debug (XML Doc)|Any CPU.ActiveCfg = Debug|Any CPU
		{1563CB1C-A26B-40AC-9DC3-2DF28628EAAA}.Debug (XML Doc)|Any CPU.Build.0 = Debug|Any CPU
		{1563CB1C-A26B-40AC-9DC3-2DF28628EAAA}.Debug|Any CPU.ActiveCfg = Debug|Any CPU
		{1563CB1C-A26B-40AC-9DC3-2DF28628EAAA}.Debug|Any CPU.Build.0 = Debug|Any CPU
		{1563CB1C-A26B-40AC-9DC3-2DF28628EAAA}.Release|Any CPU.ActiveCfg = Release|Any CPU
		{1563CB1C-A26B-40AC-9DC3-2DF28628EAAA}.Release|Any CPU.Build.0 = Release|Any CPU
		{4A72B792-4C4E-4217-BEFC-8F128917F836}.Debug (Code Analysis + XML Doc)|Any CPU.ActiveCfg = Debug (Code Analysis + XML Doc)|Any CPU
		{4A72B792-4C4E-4217-BEFC-8F128917F836}.Debug (Code Analysis + XML Doc)|Any CPU.Build.0 = Debug (Code Analysis + XML Doc)|Any CPU
		{4A72B792-4C4E-4217-BEFC-8F128917F836}.Debug (XML Doc)|Any CPU.ActiveCfg = Debug (XML Doc)|Any CPU
		{4A72B792-4C4E-4217-BEFC-8F128917F836}.Debug (XML Doc)|Any CPU.Build.0 = Debug (XML Doc)|Any CPU
		{4A72B792-4C4E-4217-BEFC-8F128917F836}.Debug|Any CPU.ActiveCfg = Debug|Any CPU
		{4A72B792-4C4E-4217-BEFC-8F128917F836}.Debug|Any CPU.Build.0 = Debug|Any CPU
		{4A72B792-4C4E-4217-BEFC-8F128917F836}.Release|Any CPU.ActiveCfg = Release|Any CPU
		{4A72B792-4C4E-4217-BEFC-8F128917F836}.Release|Any CPU.Build.0 = Release|Any CPU
		{D5B4585A-5027-4DA8-8673-3EF9FBC12D87}.Debug (Code Analysis + XML Doc)|Any CPU.ActiveCfg = Debug (Code Analysis + XML Doc)|Any CPU
		{D5B4585A-5027-4DA8-8673-3EF9FBC12D87}.Debug (Code Analysis + XML Doc)|Any CPU.Build.0 = Debug (Code Analysis + XML Doc)|Any CPU
		{D5B4585A-5027-4DA8-8673-3EF9FBC12D87}.Debug (XML Doc)|Any CPU.ActiveCfg = Debug (XML Doc)|Any CPU
		{D5B4585A-5027-4DA8-8673-3EF9FBC12D87}.Debug (XML Doc)|Any CPU.Build.0 = Debug (XML Doc)|Any CPU
		{D5B4585A-5027-4DA8-8673-3EF9FBC12D87}.Debug|Any CPU.ActiveCfg = Debug|Any CPU
		{D5B4585A-5027-4DA8-8673-3EF9FBC12D87}.Debug|Any CPU.Build.0 = Debug|Any CPU
		{D5B4585A-5027-4DA8-8673-3EF9FBC12D87}.Release|Any CPU.ActiveCfg = Release|Any CPU
		{D5B4585A-5027-4DA8-8673-3EF9FBC12D87}.Release|Any CPU.Build.0 = Release|Any CPU
		{4D563F85-0FA0-42EA-8DAE-AAAF7F472454}.Debug (Code Analysis + XML Doc)|Any CPU.ActiveCfg = Debug (Code Analysis + XML Doc)|Any CPU
		{4D563F85-0FA0-42EA-8DAE-AAAF7F472454}.Debug (Code Analysis + XML Doc)|Any CPU.Build.0 = Debug (Code Analysis + XML Doc)|Any CPU
		{4D563F85-0FA0-42EA-8DAE-AAAF7F472454}.Debug (XML Doc)|Any CPU.ActiveCfg = Debug (XML Doc)|Any CPU
		{4D563F85-0FA0-42EA-8DAE-AAAF7F472454}.Debug (XML Doc)|Any CPU.Build.0 = Debug (XML Doc)|Any CPU
		{4D563F85-0FA0-42EA-8DAE-AAAF7F472454}.Debug|Any CPU.ActiveCfg = Debug|Any CPU
		{4D563F85-0FA0-42EA-8DAE-AAAF7F472454}.Debug|Any CPU.Build.0 = Debug|Any CPU
		{4D563F85-0FA0-42EA-8DAE-AAAF7F472454}.Release|Any CPU.ActiveCfg = Release|Any CPU
		{4D563F85-0FA0-42EA-8DAE-AAAF7F472454}.Release|Any CPU.Build.0 = Release|Any CPU
	EndGlobalSection
	GlobalSection(SolutionProperties) = preSolution
		HideSolutionNode = FALSE
	EndGlobalSection
EndGlobal
