
Microsoft Visual Studio Solution File, Format Version 12.00
# Visual Studio 15
VisualStudioVersion = 15.0.28010.2050
MinimumVisualStudioVersion = 10.0.40219.1
Project("{FAE04EC0-301F-11D3-BF4B-00C04F79EFBC}") = "DBScripter", "DBScripter\DBScripter.csproj", "{1DFE0BD9-6F14-4C29-90A6-77E4A6FD8AAE}"
EndProject
Global
	GlobalSection(SolutionConfigurationPlatforms) = preSolution
		Debug|Any CPU = Debug|Any CPU
		Release|Any CPU = Release|Any CPU
	EndGlobalSection
	GlobalSection(ProjectConfigurationPlatforms) = postSolution
		{1DFE0BD9-6F14-4C29-90A6-77E4A6FD8AAE}.Debug|Any CPU.ActiveCfg = Debug|Any CPU
		{1DFE0BD9-6F14-4C29-90A6-77E4A6FD8AAE}.Debug|Any CPU.Build.0 = Debug|Any CPU
		{1DFE0BD9-6F14-4C29-90A6-77E4A6FD8AAE}.Release|Any CPU.ActiveCfg = Release|Any CPU
		{1DFE0BD9-6F14-4C29-90A6-77E4A6FD8AAE}.Release|Any CPU.Build.0 = Release|Any CPU
	EndGlobalSection
	GlobalSection(SolutionProperties) = preSolution
		HideSolutionNode = FALSE
	EndGlobalSection
	GlobalSection(ExtensibilityGlobals) = postSolution
		SolutionGuid = {FF7C0FE9-D103-457F-8A77-2EAC27D44FB5}
	EndGlobalSection
EndGlobal
