
Microsoft Visual Studio Solution File, Format Version 12.00
# Visual Studio Version 16
VisualStudioVersion = 16.0.29424.173
MinimumVisualStudioVersion = 10.0.40219.1
Project("{FAE04EC0-301F-11D3-BF4B-00C04F79EFBC}") = "TriageDataTool", "TriageDataTool.csproj", "{35BAF139-A95E-4CC3-B695-27509BE3B22C}"
EndProject
Global
	GlobalSection(SolutionConfigurationPlatforms) = preSolution
		Debug|Any CPU = Debug|Any CPU
		Release|Any CPU = Release|Any CPU
	EndGlobalSection
	GlobalSection(ProjectConfigurationPlatforms) = postSolution
		{35BAF139-A95E-4CC3-B695-27509BE3B22C}.Debug|Any CPU.ActiveCfg = Debug|Any CPU
		{35BAF139-A95E-4CC3-B695-27509BE3B22C}.Debug|Any CPU.Build.0 = Debug|Any CPU
		{35BAF139-A95E-4CC3-B695-27509BE3B22C}.Release|Any CPU.ActiveCfg = Release|Any CPU
		{35BAF139-A95E-4CC3-B695-27509BE3B22C}.Release|Any CPU.Build.0 = Release|Any CPU
	EndGlobalSection
	GlobalSection(SolutionProperties) = preSolution
		HideSolutionNode = FALSE
	EndGlobalSection
	GlobalSection(ExtensibilityGlobals) = postSolution
		SolutionGuid = {B455BF35-A6DA-42BF-95EE-F35D27D69E26}
	EndGlobalSection
EndGlobal
