
Microsoft Visual Studio Solution File, Format Version 12.00
# Visual Studio 2012
Project("{FAE04EC0-301F-11D3-BF4B-00C04F79EFBC}") = "HPACPrinterDefGenerator", "HPACPrinterDefGenerator.csproj", "{AD1EC5E0-7B55-46B2-8D74-BB577D156268}"
EndProject
Global
	GlobalSection(SolutionConfigurationPlatforms) = preSolution
		Debug|Any CPU = Debug|Any CPU
		Release|Any CPU = Release|Any CPU
	EndGlobalSection
	GlobalSection(ProjectConfigurationPlatforms) = postSolution
		{AD1EC5E0-7B55-46B2-8D74-BB577D156268}.Debug|Any CPU.ActiveCfg = Debug|Any CPU
		{AD1EC5E0-7B55-46B2-8D74-BB577D156268}.Debug|Any CPU.Build.0 = Debug|Any CPU
		{AD1EC5E0-7B55-46B2-8D74-BB577D156268}.Release|Any CPU.ActiveCfg = Release|Any CPU
		{AD1EC5E0-7B55-46B2-8D74-BB577D156268}.Release|Any CPU.Build.0 = Release|Any CPU
	EndGlobalSection
	GlobalSection(SolutionProperties) = preSolution
		HideSolutionNode = FALSE
	EndGlobalSection
EndGlobal
