
Microsoft Visual Studio Solution File, Format Version 12.00
# Visual Studio 15
VisualStudioVersion = 15.0.26730.15
MinimumVisualStudioVersion = 10.0.40219.1
Project("{FAE04EC0-301F-11D3-BF4B-00C04F79EFBC}") = "STF.Framework", "Framework\STF.Framework.csproj", "{B91DCC51-8664-49E3-97D0-6FCFD2918A1A}"
EndProject
Project("{FAE04EC0-301F-11D3-BF4B-00C04F79EFBC}") = "STF.FrameworkInternal", "FrameworkInternal\STF.FrameworkInternal.csproj", "{1D38C759-E5F6-4603-BBBC-566F1276ABA2}"
EndProject
Project("{FAE04EC0-301F-11D3-BF4B-00C04F79EFBC}") = "STF.Development", "Development\STF.Development.csproj", "{326D6885-A412-46A2-B50D-DE2C11943E01}"
EndProject
Project("{FAE04EC0-301F-11D3-BF4B-00C04F79EFBC}") = "STF.DeviceAutomation", "DeviceAutomation\STF.DeviceAutomation.csproj", "{8FA37AF9-F2B8-4E72-BFF7-580491A62832}"
EndProject
Project("{FAE04EC0-301F-11D3-BF4B-00C04F79EFBC}") = "STF.Utility", "Utility\STF.Utility.csproj", "{0A02EA9D-11D5-4078-9036-385709CB365A}"
EndProject
Project("{FAE04EC0-301F-11D3-BF4B-00C04F79EFBC}") = "STF.WindowsAutomation", "WindowsAutomation\STF.WindowsAutomation.csproj", "{D9823F40-464D-451E-86CC-0C5339196522}"
EndProject
Project("{FAE04EC0-301F-11D3-BF4B-00C04F79EFBC}") = "STF.FileAnalysis", "FileAnalysis\STF.FileAnalysis.csproj", "{2F14F446-A362-4A34-B25A-43B27A117FDD}"
EndProject
Project("{FAE04EC0-301F-11D3-BF4B-00C04F79EFBC}") = "STF.SharePoint", "SharePoint\STF.SharePoint.csproj", "{D281D5F6-5AB4-48FB-9725-73F9F45EC982}"
EndProject
Project("{FAE04EC0-301F-11D3-BF4B-00C04F79EFBC}") = "STF.Email", "Email\STF.Email.csproj", "{907179E4-37E2-4EEB-B334-D4265359D070}"
EndProject
Project("{FAE04EC0-301F-11D3-BF4B-00C04F79EFBC}") = "STF.Print", "Print\STF.Print.csproj", "{B549ACAE-DAED-4F96-A962-14BD02428770}"
EndProject
Global
	GlobalSection(SolutionConfigurationPlatforms) = preSolution
		Code Analysis|Any CPU = Code Analysis|Any CPU
		Debug|Any CPU = Debug|Any CPU
		Release|Any CPU = Release|Any CPU
	EndGlobalSection
	GlobalSection(ProjectConfigurationPlatforms) = postSolution
		{B91DCC51-8664-49E3-97D0-6FCFD2918A1A}.Code Analysis|Any CPU.ActiveCfg = Debug (Code Analysis)|Any CPU
		{B91DCC51-8664-49E3-97D0-6FCFD2918A1A}.Code Analysis|Any CPU.Build.0 = Debug (Code Analysis)|Any CPU
		{B91DCC51-8664-49E3-97D0-6FCFD2918A1A}.Debug|Any CPU.ActiveCfg = Debug|Any CPU
		{B91DCC51-8664-49E3-97D0-6FCFD2918A1A}.Debug|Any CPU.Build.0 = Debug|Any CPU
		{B91DCC51-8664-49E3-97D0-6FCFD2918A1A}.Release|Any CPU.ActiveCfg = Release|Any CPU
		{B91DCC51-8664-49E3-97D0-6FCFD2918A1A}.Release|Any CPU.Build.0 = Release|Any CPU
		{1D38C759-E5F6-4603-BBBC-566F1276ABA2}.Code Analysis|Any CPU.ActiveCfg = Debug (Code Analysis)|Any CPU
		{1D38C759-E5F6-4603-BBBC-566F1276ABA2}.Code Analysis|Any CPU.Build.0 = Debug (Code Analysis)|Any CPU
		{1D38C759-E5F6-4603-BBBC-566F1276ABA2}.Debug|Any CPU.ActiveCfg = Debug|Any CPU
		{1D38C759-E5F6-4603-BBBC-566F1276ABA2}.Debug|Any CPU.Build.0 = Debug|Any CPU
		{1D38C759-E5F6-4603-BBBC-566F1276ABA2}.Release|Any CPU.ActiveCfg = Release|Any CPU
		{1D38C759-E5F6-4603-BBBC-566F1276ABA2}.Release|Any CPU.Build.0 = Release|Any CPU
		{326D6885-A412-46A2-B50D-DE2C11943E01}.Code Analysis|Any CPU.ActiveCfg = Debug (Code Analysis)|Any CPU
		{326D6885-A412-46A2-B50D-DE2C11943E01}.Code Analysis|Any CPU.Build.0 = Debug (Code Analysis)|Any CPU
		{326D6885-A412-46A2-B50D-DE2C11943E01}.Debug|Any CPU.ActiveCfg = Debug|Any CPU
		{326D6885-A412-46A2-B50D-DE2C11943E01}.Debug|Any CPU.Build.0 = Debug|Any CPU
		{326D6885-A412-46A2-B50D-DE2C11943E01}.Release|Any CPU.ActiveCfg = Release|Any CPU
		{326D6885-A412-46A2-B50D-DE2C11943E01}.Release|Any CPU.Build.0 = Release|Any CPU
		{8FA37AF9-F2B8-4E72-BFF7-580491A62832}.Code Analysis|Any CPU.ActiveCfg = Debug (Code Analysis)|Any CPU
		{8FA37AF9-F2B8-4E72-BFF7-580491A62832}.Code Analysis|Any CPU.Build.0 = Debug (Code Analysis)|Any CPU
		{8FA37AF9-F2B8-4E72-BFF7-580491A62832}.Debug|Any CPU.ActiveCfg = Debug|Any CPU
		{8FA37AF9-F2B8-4E72-BFF7-580491A62832}.Debug|Any CPU.Build.0 = Debug|Any CPU
		{8FA37AF9-F2B8-4E72-BFF7-580491A62832}.Release|Any CPU.ActiveCfg = Release|Any CPU
		{8FA37AF9-F2B8-4E72-BFF7-580491A62832}.Release|Any CPU.Build.0 = Release|Any CPU
		{0A02EA9D-11D5-4078-9036-385709CB365A}.Code Analysis|Any CPU.ActiveCfg = Debug (Code Analysis)|Any CPU
		{0A02EA9D-11D5-4078-9036-385709CB365A}.Code Analysis|Any CPU.Build.0 = Debug (Code Analysis)|Any CPU
		{0A02EA9D-11D5-4078-9036-385709CB365A}.Debug|Any CPU.ActiveCfg = Debug|Any CPU
		{0A02EA9D-11D5-4078-9036-385709CB365A}.Debug|Any CPU.Build.0 = Debug|Any CPU
		{0A02EA9D-11D5-4078-9036-385709CB365A}.Release|Any CPU.ActiveCfg = Release|Any CPU
		{0A02EA9D-11D5-4078-9036-385709CB365A}.Release|Any CPU.Build.0 = Release|Any CPU
		{D9823F40-464D-451E-86CC-0C5339196522}.Code Analysis|Any CPU.ActiveCfg = Debug (Code Analysis)|Any CPU
		{D9823F40-464D-451E-86CC-0C5339196522}.Code Analysis|Any CPU.Build.0 = Debug (Code Analysis)|Any CPU
		{D9823F40-464D-451E-86CC-0C5339196522}.Debug|Any CPU.ActiveCfg = Debug|Any CPU
		{D9823F40-464D-451E-86CC-0C5339196522}.Debug|Any CPU.Build.0 = Debug|Any CPU
		{D9823F40-464D-451E-86CC-0C5339196522}.Release|Any CPU.ActiveCfg = Release|Any CPU
		{D9823F40-464D-451E-86CC-0C5339196522}.Release|Any CPU.Build.0 = Release|Any CPU
		{2F14F446-A362-4A34-B25A-43B27A117FDD}.Code Analysis|Any CPU.ActiveCfg = Debug (Code Analysis)|Any CPU
		{2F14F446-A362-4A34-B25A-43B27A117FDD}.Code Analysis|Any CPU.Build.0 = Debug (Code Analysis)|Any CPU
		{2F14F446-A362-4A34-B25A-43B27A117FDD}.Debug|Any CPU.ActiveCfg = Debug|Any CPU
		{2F14F446-A362-4A34-B25A-43B27A117FDD}.Debug|Any CPU.Build.0 = Debug|Any CPU
		{2F14F446-A362-4A34-B25A-43B27A117FDD}.Release|Any CPU.ActiveCfg = Release|Any CPU
		{2F14F446-A362-4A34-B25A-43B27A117FDD}.Release|Any CPU.Build.0 = Release|Any CPU
		{D281D5F6-5AB4-48FB-9725-73F9F45EC982}.Code Analysis|Any CPU.ActiveCfg = Debug (Code Analysis)|Any CPU
		{D281D5F6-5AB4-48FB-9725-73F9F45EC982}.Code Analysis|Any CPU.Build.0 = Debug (Code Analysis)|Any CPU
		{D281D5F6-5AB4-48FB-9725-73F9F45EC982}.Debug|Any CPU.ActiveCfg = Debug|Any CPU
		{D281D5F6-5AB4-48FB-9725-73F9F45EC982}.Debug|Any CPU.Build.0 = Debug|Any CPU
		{D281D5F6-5AB4-48FB-9725-73F9F45EC982}.Release|Any CPU.ActiveCfg = Release|Any CPU
		{D281D5F6-5AB4-48FB-9725-73F9F45EC982}.Release|Any CPU.Build.0 = Release|Any CPU
		{907179E4-37E2-4EEB-B334-D4265359D070}.Code Analysis|Any CPU.ActiveCfg = Debug (Code Analysis)|Any CPU
		{907179E4-37E2-4EEB-B334-D4265359D070}.Code Analysis|Any CPU.Build.0 = Debug (Code Analysis)|Any CPU
		{907179E4-37E2-4EEB-B334-D4265359D070}.Debug|Any CPU.ActiveCfg = Debug|Any CPU
		{907179E4-37E2-4EEB-B334-D4265359D070}.Debug|Any CPU.Build.0 = Debug|Any CPU
		{907179E4-37E2-4EEB-B334-D4265359D070}.Release|Any CPU.ActiveCfg = Release|Any CPU
		{907179E4-37E2-4EEB-B334-D4265359D070}.Release|Any CPU.Build.0 = Release|Any CPU
		{B549ACAE-DAED-4F96-A962-14BD02428770}.Code Analysis|Any CPU.ActiveCfg = Debug (Code Analysis)|Any CPU
		{B549ACAE-DAED-4F96-A962-14BD02428770}.Code Analysis|Any CPU.Build.0 = Debug (Code Analysis)|Any CPU
		{B549ACAE-DAED-4F96-A962-14BD02428770}.Debug|Any CPU.ActiveCfg = Debug|Any CPU
		{B549ACAE-DAED-4F96-A962-14BD02428770}.Debug|Any CPU.Build.0 = Debug|Any CPU
		{B549ACAE-DAED-4F96-A962-14BD02428770}.Release|Any CPU.ActiveCfg = Release|Any CPU
		{B549ACAE-DAED-4F96-A962-14BD02428770}.Release|Any CPU.Build.0 = Release|Any CPU
	EndGlobalSection
	GlobalSection(SolutionProperties) = preSolution
		HideSolutionNode = FALSE
	EndGlobalSection
	GlobalSection(ExtensibilityGlobals) = postSolution
		SolutionGuid = {61856B84-B589-4B38-9EC2-89DC4479D6E8}
	EndGlobalSection
EndGlobal
