
Microsoft Visual Studio Solution File, Format Version 12.00
# Visual Studio 2012
Project("{FAE04EC0-301F-11D3-BF4B-00C04F79EFBC}") = "STF.EnterpriseTest.Model", "..\STFCore\Source\Data\EnterpriseTestModel\STF.EnterpriseTest.Model.csproj", "{975C43D5-C1C6-4A45-82D4-1ABDC6805C05}"
EndProject
Project("{FAE04EC0-301F-11D3-BF4B-00C04F79EFBC}") = "PrintQueueInstaller", "PrintQueueInstaller.csproj", "{F79AF4D4-1A70-418D-AC6C-2B20C9D182E2}"
EndProject
Project("{FAE04EC0-301F-11D3-BF4B-00C04F79EFBC}") = "STF.Print", "..\CommonComponents\STF.Print\STF.Print.csproj", "{CBFE87C0-A337-42E2-BBAF-CC52326D2211}"
EndProject
Project("{FAE04EC0-301F-11D3-BF4B-00C04F79EFBC}") = "STF.Common", "..\CommonComponents\STF.Common\STF.Common.csproj", "{D5B4585A-5027-4DA8-8673-3EF9FBC12D87}"
EndProject
Project("{FAE04EC0-301F-11D3-BF4B-00C04F79EFBC}") = "STF.DataCommon.Library", "..\STFCore\Source\Data\Database\STF.DataCommon.Library.csproj", "{55F18DD0-A951-4F09-B361-7CA83E70391F}"
EndProject
Project("{FAE04EC0-301F-11D3-BF4B-00C04F79EFBC}") = "STF.Network", "..\CommonComponents\STF.Network\STF.Network.csproj", "{4D563F85-0FA0-42EA-8DAE-AAAF7F472454}"
EndProject
Project("{FAE04EC0-301F-11D3-BF4B-00C04F79EFBC}") = "STF.EnterpriseTest.Library", "..\STFCore\Source\Data\EnterpriseTest.Library\STF.EnterpriseTest.Library.csproj", "{4FD3AAD9-F8A4-46CB-9C8E-4165FE64674C}"
EndProject
Project("{FAE04EC0-301F-11D3-BF4B-00C04F79EFBC}") = "STF.AssetInventory.Model", "..\STFCore\Source\Data\AssetInventory.Model\STF.AssetInventory.Model.csproj", "{C188CE04-49B1-4D18-89FF-FE0CFFFD1191}"
EndProject
Project("{FAE04EC0-301F-11D3-BF4B-00C04F79EFBC}") = "STF.AssetInventory.Library", "..\STFCore\Source\Data\AssetInventory.Library\STF.AssetInventory.Library.csproj", "{FF46E958-61AB-45FC-A983-C76CAACD5467}"
EndProject
Project("{FAE04EC0-301F-11D3-BF4B-00C04F79EFBC}") = "STF.FrameworkCommon.Library", "..\STFCore\Source\Framework\FrameworkCommon.Library\STF.FrameworkCommon.Library.csproj", "{4A72B792-4C4E-4217-BEFC-8F128917F836}"
EndProject
Project("{FAE04EC0-301F-11D3-BF4B-00C04F79EFBC}") = "STF.FrameworkControls", "..\STFCore\Source\UI\FrameworkControls.Library\STF.FrameworkControls.csproj", "{E2574F75-2943-4138-AA2E-D270447655A8}"
EndProject
Project("{FAE04EC0-301F-11D3-BF4B-00C04F79EFBC}") = "STF.TestDocument.Library", "..\STFCore\Source\Data\TestDocument.Library\STF.TestDocument.Library.csproj", "{CB02CF19-69D5-43DB-8181-9430E7F78E79}"
EndProject
Project("{FAE04EC0-301F-11D3-BF4B-00C04F79EFBC}") = "STF.TestDocument.Model", "..\STFCore\Source\Data\TestDocumentLibraryModel\STF.TestDocument.Model.csproj", "{05C3EB63-C4DB-4C9A-A34D-8609882C0F79}"
EndProject
Project("{FAE04EC0-301F-11D3-BF4B-00C04F79EFBC}") = "STF.SystemRegistry", "..\CommonComponents\STF.Registry\STF.SystemRegistry.csproj", "{4509AC34-76A3-44CC-AE3C-1E0A4B1A1888}"
EndProject
Project("{FAE04EC0-301F-11D3-BF4B-00C04F79EFBC}") = "STF.UICommon.Library", "..\STFCore\Source\UI\UICommon.Library\STF.UICommon.Library.csproj", "{E9B7AC42-4716-49A5-BC39-3937BAE531C5}"
EndProject
Global
	GlobalSection(SolutionConfigurationPlatforms) = preSolution
		Debug (Code Analysis + XML Doc)|Any CPU = Debug (Code Analysis + XML Doc)|Any CPU
		Debug (XML Doc)|Any CPU = Debug (XML Doc)|Any CPU
		Debug, No CA, XML Doc|Any CPU = Debug, No CA, XML Doc|Any CPU
		Debug, No CA|Any CPU = Debug, No CA|Any CPU
		Debug|Any CPU = Debug|Any CPU
		Release|Any CPU = Release|Any CPU
	EndGlobalSection
	GlobalSection(ProjectConfigurationPlatforms) = postSolution
		{975C43D5-C1C6-4A45-82D4-1ABDC6805C05}.Debug (Code Analysis + XML Doc)|Any CPU.ActiveCfg = Debug (Code Analysis + XML Doc)|Any CPU
		{975C43D5-C1C6-4A45-82D4-1ABDC6805C05}.Debug (Code Analysis + XML Doc)|Any CPU.Build.0 = Debug (Code Analysis + XML Doc)|Any CPU
		{975C43D5-C1C6-4A45-82D4-1ABDC6805C05}.Debug (XML Doc)|Any CPU.ActiveCfg = Debug (XML Doc)|Any CPU
		{975C43D5-C1C6-4A45-82D4-1ABDC6805C05}.Debug (XML Doc)|Any CPU.Build.0 = Debug (XML Doc)|Any CPU
		{975C43D5-C1C6-4A45-82D4-1ABDC6805C05}.Debug, No CA, XML Doc|Any CPU.ActiveCfg = Debug (Code Analysis + XML Doc)|Any CPU
		{975C43D5-C1C6-4A45-82D4-1ABDC6805C05}.Debug, No CA, XML Doc|Any CPU.Build.0 = Debug (Code Analysis + XML Doc)|Any CPU
		{975C43D5-C1C6-4A45-82D4-1ABDC6805C05}.Debug, No CA|Any CPU.ActiveCfg = Debug (Code Analysis + XML Doc)|Any CPU
		{975C43D5-C1C6-4A45-82D4-1ABDC6805C05}.Debug, No CA|Any CPU.Build.0 = Debug (Code Analysis + XML Doc)|Any CPU
		{975C43D5-C1C6-4A45-82D4-1ABDC6805C05}.Debug|Any CPU.ActiveCfg = Debug|Any CPU
		{975C43D5-C1C6-4A45-82D4-1ABDC6805C05}.Debug|Any CPU.Build.0 = Debug|Any CPU
		{975C43D5-C1C6-4A45-82D4-1ABDC6805C05}.Release|Any CPU.ActiveCfg = Release|Any CPU
		{975C43D5-C1C6-4A45-82D4-1ABDC6805C05}.Release|Any CPU.Build.0 = Release|Any CPU
		{F79AF4D4-1A70-418D-AC6C-2B20C9D182E2}.Debug (Code Analysis + XML Doc)|Any CPU.ActiveCfg = Debug (Code Analysis + XML Doc)|Any CPU
		{F79AF4D4-1A70-418D-AC6C-2B20C9D182E2}.Debug (Code Analysis + XML Doc)|Any CPU.Build.0 = Debug (Code Analysis + XML Doc)|Any CPU
		{F79AF4D4-1A70-418D-AC6C-2B20C9D182E2}.Debug (XML Doc)|Any CPU.ActiveCfg = Debug (XML Doc)|Any CPU
		{F79AF4D4-1A70-418D-AC6C-2B20C9D182E2}.Debug (XML Doc)|Any CPU.Build.0 = Debug (XML Doc)|Any CPU
		{F79AF4D4-1A70-418D-AC6C-2B20C9D182E2}.Debug, No CA, XML Doc|Any CPU.ActiveCfg = Debug (Code Analysis + XML Doc)|Any CPU
		{F79AF4D4-1A70-418D-AC6C-2B20C9D182E2}.Debug, No CA, XML Doc|Any CPU.Build.0 = Debug (Code Analysis + XML Doc)|Any CPU
		{F79AF4D4-1A70-418D-AC6C-2B20C9D182E2}.Debug, No CA|Any CPU.ActiveCfg = Debug (Code Analysis + XML Doc)|Any CPU
		{F79AF4D4-1A70-418D-AC6C-2B20C9D182E2}.Debug, No CA|Any CPU.Build.0 = Debug (Code Analysis + XML Doc)|Any CPU
		{F79AF4D4-1A70-418D-AC6C-2B20C9D182E2}.Debug|Any CPU.ActiveCfg = Debug|Any CPU
		{F79AF4D4-1A70-418D-AC6C-2B20C9D182E2}.Debug|Any CPU.Build.0 = Debug|Any CPU
		{F79AF4D4-1A70-418D-AC6C-2B20C9D182E2}.Release|Any CPU.ActiveCfg = Release|Any CPU
		{F79AF4D4-1A70-418D-AC6C-2B20C9D182E2}.Release|Any CPU.Build.0 = Release|Any CPU
		{CBFE87C0-A337-42E2-BBAF-CC52326D2211}.Debug (Code Analysis + XML Doc)|Any CPU.ActiveCfg = Debug (Code Analysis + XML Doc)|Any CPU
		{CBFE87C0-A337-42E2-BBAF-CC52326D2211}.Debug (Code Analysis + XML Doc)|Any CPU.Build.0 = Debug (Code Analysis + XML Doc)|Any CPU
		{CBFE87C0-A337-42E2-BBAF-CC52326D2211}.Debug (XML Doc)|Any CPU.ActiveCfg = Debug (XML Doc)|Any CPU
		{CBFE87C0-A337-42E2-BBAF-CC52326D2211}.Debug (XML Doc)|Any CPU.Build.0 = Debug (XML Doc)|Any CPU
		{CBFE87C0-A337-42E2-BBAF-CC52326D2211}.Debug, No CA, XML Doc|Any CPU.ActiveCfg = Debug (Code Analysis + XML Doc)|Any CPU
		{CBFE87C0-A337-42E2-BBAF-CC52326D2211}.Debug, No CA, XML Doc|Any CPU.Build.0 = Debug (Code Analysis + XML Doc)|Any CPU
		{CBFE87C0-A337-42E2-BBAF-CC52326D2211}.Debug, No CA|Any CPU.ActiveCfg = Debug (Code Analysis + XML Doc)|Any CPU
		{CBFE87C0-A337-42E2-BBAF-CC52326D2211}.Debug, No CA|Any CPU.Build.0 = Debug (Code Analysis + XML Doc)|Any CPU
		{CBFE87C0-A337-42E2-BBAF-CC52326D2211}.Debug|Any CPU.ActiveCfg = Debug|Any CPU
		{CBFE87C0-A337-42E2-BBAF-CC52326D2211}.Debug|Any CPU.Build.0 = Debug|Any CPU
		{CBFE87C0-A337-42E2-BBAF-CC52326D2211}.Release|Any CPU.ActiveCfg = Release|Any CPU
		{CBFE87C0-A337-42E2-BBAF-CC52326D2211}.Release|Any CPU.Build.0 = Release|Any CPU
		{D5B4585A-5027-4DA8-8673-3EF9FBC12D87}.Debug (Code Analysis + XML Doc)|Any CPU.ActiveCfg = Debug (Code Analysis + XML Doc)|Any CPU
		{D5B4585A-5027-4DA8-8673-3EF9FBC12D87}.Debug (Code Analysis + XML Doc)|Any CPU.Build.0 = Debug (Code Analysis + XML Doc)|Any CPU
		{D5B4585A-5027-4DA8-8673-3EF9FBC12D87}.Debug (XML Doc)|Any CPU.ActiveCfg = Debug (XML Doc)|Any CPU
		{D5B4585A-5027-4DA8-8673-3EF9FBC12D87}.Debug (XML Doc)|Any CPU.Build.0 = Debug (XML Doc)|Any CPU
		{D5B4585A-5027-4DA8-8673-3EF9FBC12D87}.Debug, No CA, XML Doc|Any CPU.ActiveCfg = Debug (Code Analysis + XML Doc)|Any CPU
		{D5B4585A-5027-4DA8-8673-3EF9FBC12D87}.Debug, No CA, XML Doc|Any CPU.Build.0 = Debug (Code Analysis + XML Doc)|Any CPU
		{D5B4585A-5027-4DA8-8673-3EF9FBC12D87}.Debug, No CA|Any CPU.ActiveCfg = Debug (Code Analysis + XML Doc)|Any CPU
		{D5B4585A-5027-4DA8-8673-3EF9FBC12D87}.Debug, No CA|Any CPU.Build.0 = Debug (Code Analysis + XML Doc)|Any CPU
		{D5B4585A-5027-4DA8-8673-3EF9FBC12D87}.Debug|Any CPU.ActiveCfg = Debug|Any CPU
		{D5B4585A-5027-4DA8-8673-3EF9FBC12D87}.Debug|Any CPU.Build.0 = Debug|Any CPU
		{D5B4585A-5027-4DA8-8673-3EF9FBC12D87}.Release|Any CPU.ActiveCfg = Release|Any CPU
		{D5B4585A-5027-4DA8-8673-3EF9FBC12D87}.Release|Any CPU.Build.0 = Release|Any CPU
		{55F18DD0-A951-4F09-B361-7CA83E70391F}.Debug (Code Analysis + XML Doc)|Any CPU.ActiveCfg = Debug (Code Analysis + XML Doc)|Any CPU
		{55F18DD0-A951-4F09-B361-7CA83E70391F}.Debug (Code Analysis + XML Doc)|Any CPU.Build.0 = Debug (Code Analysis + XML Doc)|Any CPU
		{55F18DD0-A951-4F09-B361-7CA83E70391F}.Debug (XML Doc)|Any CPU.ActiveCfg = Debug (XML Doc)|Any CPU
		{55F18DD0-A951-4F09-B361-7CA83E70391F}.Debug (XML Doc)|Any CPU.Build.0 = Debug (XML Doc)|Any CPU
		{55F18DD0-A951-4F09-B361-7CA83E70391F}.Debug, No CA, XML Doc|Any CPU.ActiveCfg = Debug (Code Analysis + XML Doc)|Any CPU
		{55F18DD0-A951-4F09-B361-7CA83E70391F}.Debug, No CA, XML Doc|Any CPU.Build.0 = Debug (Code Analysis + XML Doc)|Any CPU
		{55F18DD0-A951-4F09-B361-7CA83E70391F}.Debug, No CA|Any CPU.ActiveCfg = Debug (Code Analysis + XML Doc)|Any CPU
		{55F18DD0-A951-4F09-B361-7CA83E70391F}.Debug, No CA|Any CPU.Build.0 = Debug (Code Analysis + XML Doc)|Any CPU
		{55F18DD0-A951-4F09-B361-7CA83E70391F}.Debug|Any CPU.ActiveCfg = Debug|Any CPU
		{55F18DD0-A951-4F09-B361-7CA83E70391F}.Debug|Any CPU.Build.0 = Debug|Any CPU
		{55F18DD0-A951-4F09-B361-7CA83E70391F}.Release|Any CPU.ActiveCfg = Release|Any CPU
		{55F18DD0-A951-4F09-B361-7CA83E70391F}.Release|Any CPU.Build.0 = Release|Any CPU
		{4D563F85-0FA0-42EA-8DAE-AAAF7F472454}.Debug (Code Analysis + XML Doc)|Any CPU.ActiveCfg = Debug (Code Analysis + XML Doc)|Any CPU
		{4D563F85-0FA0-42EA-8DAE-AAAF7F472454}.Debug (Code Analysis + XML Doc)|Any CPU.Build.0 = Debug (Code Analysis + XML Doc)|Any CPU
		{4D563F85-0FA0-42EA-8DAE-AAAF7F472454}.Debug (XML Doc)|Any CPU.ActiveCfg = Debug (XML Doc)|Any CPU
		{4D563F85-0FA0-42EA-8DAE-AAAF7F472454}.Debug (XML Doc)|Any CPU.Build.0 = Debug (XML Doc)|Any CPU
		{4D563F85-0FA0-42EA-8DAE-AAAF7F472454}.Debug, No CA, XML Doc|Any CPU.ActiveCfg = Debug (Code Analysis + XML Doc)|Any CPU
		{4D563F85-0FA0-42EA-8DAE-AAAF7F472454}.Debug, No CA, XML Doc|Any CPU.Build.0 = Debug (Code Analysis + XML Doc)|Any CPU
		{4D563F85-0FA0-42EA-8DAE-AAAF7F472454}.Debug, No CA|Any CPU.ActiveCfg = Debug (Code Analysis + XML Doc)|Any CPU
		{4D563F85-0FA0-42EA-8DAE-AAAF7F472454}.Debug, No CA|Any CPU.Build.0 = Debug (Code Analysis + XML Doc)|Any CPU
		{4D563F85-0FA0-42EA-8DAE-AAAF7F472454}.Debug|Any CPU.ActiveCfg = Debug|Any CPU
		{4D563F85-0FA0-42EA-8DAE-AAAF7F472454}.Debug|Any CPU.Build.0 = Debug|Any CPU
		{4D563F85-0FA0-42EA-8DAE-AAAF7F472454}.Release|Any CPU.ActiveCfg = Release|Any CPU
		{4D563F85-0FA0-42EA-8DAE-AAAF7F472454}.Release|Any CPU.Build.0 = Release|Any CPU
		{4FD3AAD9-F8A4-46CB-9C8E-4165FE64674C}.Debug (Code Analysis + XML Doc)|Any CPU.ActiveCfg = Debug (Code Analysis + XML Doc)|Any CPU
		{4FD3AAD9-F8A4-46CB-9C8E-4165FE64674C}.Debug (Code Analysis + XML Doc)|Any CPU.Build.0 = Debug (Code Analysis + XML Doc)|Any CPU
		{4FD3AAD9-F8A4-46CB-9C8E-4165FE64674C}.Debug (XML Doc)|Any CPU.ActiveCfg = Debug (XML Doc)|Any CPU
		{4FD3AAD9-F8A4-46CB-9C8E-4165FE64674C}.Debug (XML Doc)|Any CPU.Build.0 = Debug (XML Doc)|Any CPU
		{4FD3AAD9-F8A4-46CB-9C8E-4165FE64674C}.Debug, No CA, XML Doc|Any CPU.ActiveCfg = Debug (Code Analysis + XML Doc)|Any CPU
		{4FD3AAD9-F8A4-46CB-9C8E-4165FE64674C}.Debug, No CA, XML Doc|Any CPU.Build.0 = Debug (Code Analysis + XML Doc)|Any CPU
		{4FD3AAD9-F8A4-46CB-9C8E-4165FE64674C}.Debug, No CA|Any CPU.ActiveCfg = Debug (Code Analysis + XML Doc)|Any CPU
		{4FD3AAD9-F8A4-46CB-9C8E-4165FE64674C}.Debug, No CA|Any CPU.Build.0 = Debug (Code Analysis + XML Doc)|Any CPU
		{4FD3AAD9-F8A4-46CB-9C8E-4165FE64674C}.Debug|Any CPU.ActiveCfg = Debug|Any CPU
		{4FD3AAD9-F8A4-46CB-9C8E-4165FE64674C}.Debug|Any CPU.Build.0 = Debug|Any CPU
		{4FD3AAD9-F8A4-46CB-9C8E-4165FE64674C}.Release|Any CPU.ActiveCfg = Release|Any CPU
		{4FD3AAD9-F8A4-46CB-9C8E-4165FE64674C}.Release|Any CPU.Build.0 = Release|Any CPU
		{C188CE04-49B1-4D18-89FF-FE0CFFFD1191}.Debug (Code Analysis + XML Doc)|Any CPU.ActiveCfg = Debug (Code Analysis + XML Doc)|Any CPU
		{C188CE04-49B1-4D18-89FF-FE0CFFFD1191}.Debug (Code Analysis + XML Doc)|Any CPU.Build.0 = Debug (Code Analysis + XML Doc)|Any CPU
		{C188CE04-49B1-4D18-89FF-FE0CFFFD1191}.Debug (XML Doc)|Any CPU.ActiveCfg = Debug (XML Doc)|Any CPU
		{C188CE04-49B1-4D18-89FF-FE0CFFFD1191}.Debug (XML Doc)|Any CPU.Build.0 = Debug (XML Doc)|Any CPU
		{C188CE04-49B1-4D18-89FF-FE0CFFFD1191}.Debug, No CA, XML Doc|Any CPU.ActiveCfg = Debug (Code Analysis + XML Doc)|Any CPU
		{C188CE04-49B1-4D18-89FF-FE0CFFFD1191}.Debug, No CA, XML Doc|Any CPU.Build.0 = Debug (Code Analysis + XML Doc)|Any CPU
		{C188CE04-49B1-4D18-89FF-FE0CFFFD1191}.Debug, No CA|Any CPU.ActiveCfg = Debug (Code Analysis + XML Doc)|Any CPU
		{C188CE04-49B1-4D18-89FF-FE0CFFFD1191}.Debug, No CA|Any CPU.Build.0 = Debug (Code Analysis + XML Doc)|Any CPU
		{C188CE04-49B1-4D18-89FF-FE0CFFFD1191}.Debug|Any CPU.ActiveCfg = Debug|Any CPU
		{C188CE04-49B1-4D18-89FF-FE0CFFFD1191}.Debug|Any CPU.Build.0 = Debug|Any CPU
		{C188CE04-49B1-4D18-89FF-FE0CFFFD1191}.Release|Any CPU.ActiveCfg = Release|Any CPU
		{C188CE04-49B1-4D18-89FF-FE0CFFFD1191}.Release|Any CPU.Build.0 = Release|Any CPU
		{FF46E958-61AB-45FC-A983-C76CAACD5467}.Debug (Code Analysis + XML Doc)|Any CPU.ActiveCfg = Debug (Code Analysis + XML Doc)|Any CPU
		{FF46E958-61AB-45FC-A983-C76CAACD5467}.Debug (Code Analysis + XML Doc)|Any CPU.Build.0 = Debug (Code Analysis + XML Doc)|Any CPU
		{FF46E958-61AB-45FC-A983-C76CAACD5467}.Debug (XML Doc)|Any CPU.ActiveCfg = Debug (XML Doc)|Any CPU
		{FF46E958-61AB-45FC-A983-C76CAACD5467}.Debug (XML Doc)|Any CPU.Build.0 = Debug (XML Doc)|Any CPU
		{FF46E958-61AB-45FC-A983-C76CAACD5467}.Debug, No CA, XML Doc|Any CPU.ActiveCfg = Debug (Code Analysis + XML Doc)|Any CPU
		{FF46E958-61AB-45FC-A983-C76CAACD5467}.Debug, No CA, XML Doc|Any CPU.Build.0 = Debug (Code Analysis + XML Doc)|Any CPU
		{FF46E958-61AB-45FC-A983-C76CAACD5467}.Debug, No CA|Any CPU.ActiveCfg = Debug (Code Analysis + XML Doc)|Any CPU
		{FF46E958-61AB-45FC-A983-C76CAACD5467}.Debug, No CA|Any CPU.Build.0 = Debug (Code Analysis + XML Doc)|Any CPU
		{FF46E958-61AB-45FC-A983-C76CAACD5467}.Debug|Any CPU.ActiveCfg = Debug|Any CPU
		{FF46E958-61AB-45FC-A983-C76CAACD5467}.Debug|Any CPU.Build.0 = Debug|Any CPU
		{FF46E958-61AB-45FC-A983-C76CAACD5467}.Release|Any CPU.ActiveCfg = Release|Any CPU
		{FF46E958-61AB-45FC-A983-C76CAACD5467}.Release|Any CPU.Build.0 = Release|Any CPU
		{4A72B792-4C4E-4217-BEFC-8F128917F836}.Debug (Code Analysis + XML Doc)|Any CPU.ActiveCfg = Debug (Code Analysis + XML Doc)|Any CPU
		{4A72B792-4C4E-4217-BEFC-8F128917F836}.Debug (Code Analysis + XML Doc)|Any CPU.Build.0 = Debug (Code Analysis + XML Doc)|Any CPU
		{4A72B792-4C4E-4217-BEFC-8F128917F836}.Debug (XML Doc)|Any CPU.ActiveCfg = Debug (XML Doc)|Any CPU
		{4A72B792-4C4E-4217-BEFC-8F128917F836}.Debug (XML Doc)|Any CPU.Build.0 = Debug (XML Doc)|Any CPU
		{4A72B792-4C4E-4217-BEFC-8F128917F836}.Debug, No CA, XML Doc|Any CPU.ActiveCfg = Debug (Code Analysis + XML Doc)|Any CPU
		{4A72B792-4C4E-4217-BEFC-8F128917F836}.Debug, No CA, XML Doc|Any CPU.Build.0 = Debug (Code Analysis + XML Doc)|Any CPU
		{4A72B792-4C4E-4217-BEFC-8F128917F836}.Debug, No CA|Any CPU.ActiveCfg = Debug (Code Analysis + XML Doc)|Any CPU
		{4A72B792-4C4E-4217-BEFC-8F128917F836}.Debug, No CA|Any CPU.Build.0 = Debug (Code Analysis + XML Doc)|Any CPU
		{4A72B792-4C4E-4217-BEFC-8F128917F836}.Debug|Any CPU.ActiveCfg = Debug|Any CPU
		{4A72B792-4C4E-4217-BEFC-8F128917F836}.Debug|Any CPU.Build.0 = Debug|Any CPU
		{4A72B792-4C4E-4217-BEFC-8F128917F836}.Release|Any CPU.ActiveCfg = Release|Any CPU
		{4A72B792-4C4E-4217-BEFC-8F128917F836}.Release|Any CPU.Build.0 = Release|Any CPU
		{E2574F75-2943-4138-AA2E-D270447655A8}.Debug (Code Analysis + XML Doc)|Any CPU.ActiveCfg = Debug (Code Analysis + XML Doc)|Any CPU
		{E2574F75-2943-4138-AA2E-D270447655A8}.Debug (Code Analysis + XML Doc)|Any CPU.Build.0 = Debug (Code Analysis + XML Doc)|Any CPU
		{E2574F75-2943-4138-AA2E-D270447655A8}.Debug (XML Doc)|Any CPU.ActiveCfg = Debug (XML Doc)|Any CPU
		{E2574F75-2943-4138-AA2E-D270447655A8}.Debug (XML Doc)|Any CPU.Build.0 = Debug (XML Doc)|Any CPU
		{E2574F75-2943-4138-AA2E-D270447655A8}.Debug, No CA, XML Doc|Any CPU.ActiveCfg = Debug (Code Analysis + XML Doc)|Any CPU
		{E2574F75-2943-4138-AA2E-D270447655A8}.Debug, No CA, XML Doc|Any CPU.Build.0 = Debug (Code Analysis + XML Doc)|Any CPU
		{E2574F75-2943-4138-AA2E-D270447655A8}.Debug, No CA|Any CPU.ActiveCfg = Debug (Code Analysis + XML Doc)|Any CPU
		{E2574F75-2943-4138-AA2E-D270447655A8}.Debug, No CA|Any CPU.Build.0 = Debug (Code Analysis + XML Doc)|Any CPU
		{E2574F75-2943-4138-AA2E-D270447655A8}.Debug|Any CPU.ActiveCfg = Debug|Any CPU
		{E2574F75-2943-4138-AA2E-D270447655A8}.Debug|Any CPU.Build.0 = Debug|Any CPU
		{E2574F75-2943-4138-AA2E-D270447655A8}.Release|Any CPU.ActiveCfg = Release|Any CPU
		{E2574F75-2943-4138-AA2E-D270447655A8}.Release|Any CPU.Build.0 = Release|Any CPU
		{CB02CF19-69D5-43DB-8181-9430E7F78E79}.Debug (Code Analysis + XML Doc)|Any CPU.ActiveCfg = Debug (Code Analysis + XML Doc)|Any CPU
		{CB02CF19-69D5-43DB-8181-9430E7F78E79}.Debug (Code Analysis + XML Doc)|Any CPU.Build.0 = Debug (Code Analysis + XML Doc)|Any CPU
		{CB02CF19-69D5-43DB-8181-9430E7F78E79}.Debug (XML Doc)|Any CPU.ActiveCfg = Debug (XML Doc)|Any CPU
		{CB02CF19-69D5-43DB-8181-9430E7F78E79}.Debug (XML Doc)|Any CPU.Build.0 = Debug (XML Doc)|Any CPU
		{CB02CF19-69D5-43DB-8181-9430E7F78E79}.Debug, No CA, XML Doc|Any CPU.ActiveCfg = Debug (Code Analysis + XML Doc)|Any CPU
		{CB02CF19-69D5-43DB-8181-9430E7F78E79}.Debug, No CA, XML Doc|Any CPU.Build.0 = Debug (Code Analysis + XML Doc)|Any CPU
		{CB02CF19-69D5-43DB-8181-9430E7F78E79}.Debug, No CA|Any CPU.ActiveCfg = Debug (Code Analysis + XML Doc)|Any CPU
		{CB02CF19-69D5-43DB-8181-9430E7F78E79}.Debug, No CA|Any CPU.Build.0 = Debug (Code Analysis + XML Doc)|Any CPU
		{CB02CF19-69D5-43DB-8181-9430E7F78E79}.Debug|Any CPU.ActiveCfg = Debug|Any CPU
		{CB02CF19-69D5-43DB-8181-9430E7F78E79}.Debug|Any CPU.Build.0 = Debug|Any CPU
		{CB02CF19-69D5-43DB-8181-9430E7F78E79}.Release|Any CPU.ActiveCfg = Release|Any CPU
		{CB02CF19-69D5-43DB-8181-9430E7F78E79}.Release|Any CPU.Build.0 = Release|Any CPU
		{05C3EB63-C4DB-4C9A-A34D-8609882C0F79}.Debug (Code Analysis + XML Doc)|Any CPU.ActiveCfg = Debug (Code Analysis + XML Doc)|Any CPU
		{05C3EB63-C4DB-4C9A-A34D-8609882C0F79}.Debug (Code Analysis + XML Doc)|Any CPU.Build.0 = Debug (Code Analysis + XML Doc)|Any CPU
		{05C3EB63-C4DB-4C9A-A34D-8609882C0F79}.Debug (XML Doc)|Any CPU.ActiveCfg = Debug (XML Doc)|Any CPU
		{05C3EB63-C4DB-4C9A-A34D-8609882C0F79}.Debug (XML Doc)|Any CPU.Build.0 = Debug (XML Doc)|Any CPU
		{05C3EB63-C4DB-4C9A-A34D-8609882C0F79}.Debug, No CA, XML Doc|Any CPU.ActiveCfg = Debug (Code Analysis + XML Doc)|Any CPU
		{05C3EB63-C4DB-4C9A-A34D-8609882C0F79}.Debug, No CA, XML Doc|Any CPU.Build.0 = Debug (Code Analysis + XML Doc)|Any CPU
		{05C3EB63-C4DB-4C9A-A34D-8609882C0F79}.Debug, No CA|Any CPU.ActiveCfg = Debug (Code Analysis + XML Doc)|Any CPU
		{05C3EB63-C4DB-4C9A-A34D-8609882C0F79}.Debug, No CA|Any CPU.Build.0 = Debug (Code Analysis + XML Doc)|Any CPU
		{05C3EB63-C4DB-4C9A-A34D-8609882C0F79}.Debug|Any CPU.ActiveCfg = Debug|Any CPU
		{05C3EB63-C4DB-4C9A-A34D-8609882C0F79}.Debug|Any CPU.Build.0 = Debug|Any CPU
		{05C3EB63-C4DB-4C9A-A34D-8609882C0F79}.Release|Any CPU.ActiveCfg = Release|Any CPU
		{05C3EB63-C4DB-4C9A-A34D-8609882C0F79}.Release|Any CPU.Build.0 = Release|Any CPU
		{4509AC34-76A3-44CC-AE3C-1E0A4B1A1888}.Debug (Code Analysis + XML Doc)|Any CPU.ActiveCfg = Debug|Any CPU
		{4509AC34-76A3-44CC-AE3C-1E0A4B1A1888}.Debug (Code Analysis + XML Doc)|Any CPU.Build.0 = Debug|Any CPU
		{4509AC34-76A3-44CC-AE3C-1E0A4B1A1888}.Debug (XML Doc)|Any CPU.ActiveCfg = Debug|Any CPU
		{4509AC34-76A3-44CC-AE3C-1E0A4B1A1888}.Debug (XML Doc)|Any CPU.Build.0 = Debug|Any CPU
		{4509AC34-76A3-44CC-AE3C-1E0A4B1A1888}.Debug, No CA, XML Doc|Any CPU.ActiveCfg = Debug|Any CPU
		{4509AC34-76A3-44CC-AE3C-1E0A4B1A1888}.Debug, No CA, XML Doc|Any CPU.Build.0 = Debug|Any CPU
		{4509AC34-76A3-44CC-AE3C-1E0A4B1A1888}.Debug, No CA|Any CPU.ActiveCfg = Debug|Any CPU
		{4509AC34-76A3-44CC-AE3C-1E0A4B1A1888}.Debug, No CA|Any CPU.Build.0 = Debug|Any CPU
		{4509AC34-76A3-44CC-AE3C-1E0A4B1A1888}.Debug|Any CPU.ActiveCfg = Debug|Any CPU
		{4509AC34-76A3-44CC-AE3C-1E0A4B1A1888}.Debug|Any CPU.Build.0 = Debug|Any CPU
		{4509AC34-76A3-44CC-AE3C-1E0A4B1A1888}.Release|Any CPU.ActiveCfg = Release|Any CPU
		{4509AC34-76A3-44CC-AE3C-1E0A4B1A1888}.Release|Any CPU.Build.0 = Release|Any CPU
		{E9B7AC42-4716-49A5-BC39-3937BAE531C5}.Debug (Code Analysis + XML Doc)|Any CPU.ActiveCfg = Debug (Code Analysis + XML Doc)|Any CPU
		{E9B7AC42-4716-49A5-BC39-3937BAE531C5}.Debug (Code Analysis + XML Doc)|Any CPU.Build.0 = Debug (Code Analysis + XML Doc)|Any CPU
		{E9B7AC42-4716-49A5-BC39-3937BAE531C5}.Debug (XML Doc)|Any CPU.ActiveCfg = Debug (XML Doc)|Any CPU
		{E9B7AC42-4716-49A5-BC39-3937BAE531C5}.Debug (XML Doc)|Any CPU.Build.0 = Debug (XML Doc)|Any CPU
		{E9B7AC42-4716-49A5-BC39-3937BAE531C5}.Debug, No CA, XML Doc|Any CPU.ActiveCfg = Debug (Code Analysis + XML Doc)|Any CPU
		{E9B7AC42-4716-49A5-BC39-3937BAE531C5}.Debug, No CA, XML Doc|Any CPU.Build.0 = Debug (Code Analysis + XML Doc)|Any CPU
		{E9B7AC42-4716-49A5-BC39-3937BAE531C5}.Debug, No CA|Any CPU.ActiveCfg = Debug (Code Analysis + XML Doc)|Any CPU
		{E9B7AC42-4716-49A5-BC39-3937BAE531C5}.Debug, No CA|Any CPU.Build.0 = Debug (Code Analysis + XML Doc)|Any CPU
		{E9B7AC42-4716-49A5-BC39-3937BAE531C5}.Debug|Any CPU.ActiveCfg = Debug|Any CPU
		{E9B7AC42-4716-49A5-BC39-3937BAE531C5}.Debug|Any CPU.Build.0 = Debug|Any CPU
		{E9B7AC42-4716-49A5-BC39-3937BAE531C5}.Release|Any CPU.ActiveCfg = Release|Any CPU
		{E9B7AC42-4716-49A5-BC39-3937BAE531C5}.Release|Any CPU.Build.0 = Release|Any CPU
	EndGlobalSection
	GlobalSection(SolutionProperties) = preSolution
		HideSolutionNode = FALSE
	EndGlobalSection
EndGlobal
