
Microsoft Visual Studio Solution File, Format Version 12.00
# Visual Studio Version 16
VisualStudioVersion = 16.0.29102.190
MinimumVisualStudioVersion = 10.0.40219.1
Project("{FAE04EC0-301F-11D3-BF4B-00C04F79EFBC}") = "TriageDataTool", "TriageDataTool.csproj", "{539D1BF6-3B03-4E20-9AB7-50CF2A082663}"
EndProject
Global
	GlobalSection(SolutionConfigurationPlatforms) = preSolution
		Debug (Code Analysis + XML Doc)|Any CPU = Debug (Code Analysis + XML Doc)|Any CPU
		Debug (Code Analysis)|Any CPU = Debug (Code Analysis)|Any CPU
		Debug (XML Doc)|Any CPU = Debug (XML Doc)|Any CPU
		Debug|Any CPU = Debug|Any CPU
		Release|Any CPU = Release|Any CPU
	EndGlobalSection
	GlobalSection(ProjectConfigurationPlatforms) = postSolution
		{539D1BF6-3B03-4E20-9AB7-50CF2A082663}.Debug (Code Analysis + XML Doc)|Any CPU.ActiveCfg = Debug|Any CPU
		{539D1BF6-3B03-4E20-9AB7-50CF2A082663}.Debug (Code Analysis + XML Doc)|Any CPU.Build.0 = Debug|Any CPU
		{539D1BF6-3B03-4E20-9AB7-50CF2A082663}.Debug (Code Analysis)|Any CPU.ActiveCfg = Debug|Any CPU
		{539D1BF6-3B03-4E20-9AB7-50CF2A082663}.Debug (Code Analysis)|Any CPU.Build.0 = Debug|Any CPU
		{539D1BF6-3B03-4E20-9AB7-50CF2A082663}.Debug (XML Doc)|Any CPU.ActiveCfg = Debug|Any CPU
		{539D1BF6-3B03-4E20-9AB7-50CF2A082663}.Debug (XML Doc)|Any CPU.Build.0 = Debug|Any CPU
		{539D1BF6-3B03-4E20-9AB7-50CF2A082663}.Debug|Any CPU.ActiveCfg = Debug|Any CPU
		{539D1BF6-3B03-4E20-9AB7-50CF2A082663}.Debug|Any CPU.Build.0 = Debug|Any CPU
		{539D1BF6-3B03-4E20-9AB7-50CF2A082663}.Release|Any CPU.ActiveCfg = Release|Any CPU
		{539D1BF6-3B03-4E20-9AB7-50CF2A082663}.Release|Any CPU.Build.0 = Release|Any CPU
	EndGlobalSection
	GlobalSection(SolutionProperties) = preSolution
		HideSolutionNode = FALSE
	EndGlobalSection
	GlobalSection(ExtensibilityGlobals) = postSolution
		SolutionGuid = {1E3C9C62-ADEC-453F-B5D7-BCF542CB2A6F}
	EndGlobalSection
EndGlobal
